// !$*UTF8*$!
{
	archiveVersion = 1;
	classes = {
	};
	objectVersion = 56;
	objects = {

/* Begin PBXBuildFile section */
		0719648129DAF38A009CA1A4 /* Block.swift in Sources */ = {isa = PBXBuildFile; fileRef = 0719648029DAF38A009CA1A4 /* Block.swift */; };
		0719648329DAF4B5009CA1A4 /* BlockGroup.swift in Sources */ = {isa = PBXBuildFile; fileRef = 0719648229DAF4B5009CA1A4 /* BlockGroup.swift */; };
		0719648629DAF9A5009CA1A4 /* BlockCollectionViewCell.swift in Sources */ = {isa = PBXBuildFile; fileRef = 0719648529DAF9A5009CA1A4 /* BlockCollectionViewCell.swift */; };
		0719648829DC5066009CA1A4 /* TabBarActiveStackView.swift in Sources */ = {isa = PBXBuildFile; fileRef = 0719648729DC5066009CA1A4 /* TabBarActiveStackView.swift */; };
		0719648A29DC5CB4009CA1A4 /* BlockManager.swift in Sources */ = {isa = PBXBuildFile; fileRef = 0719648929DC5CB4009CA1A4 /* BlockManager.swift */; };
		0719648C29DDB1C0009CA1A4 /* PaintBlock.swift in Sources */ = {isa = PBXBuildFile; fileRef = 0719648B29DDB1C0009CA1A4 /* PaintBlock.swift */; };
		0719648E29DF044C009CA1A4 /* GroupSelectButton.swift in Sources */ = {isa = PBXBuildFile; fileRef = 0719648D29DF044C009CA1A4 /* GroupSelectButton.swift */; };
		0719649029E04F7E009CA1A4 /* AddBlockViewController.swift in Sources */ = {isa = PBXBuildFile; fileRef = 0719648F29E04F7E009CA1A4 /* AddBlockViewController.swift */; };
		0719649229E04FD8009CA1A4 /* AddBlockView.swift in Sources */ = {isa = PBXBuildFile; fileRef = 0719649129E04FD8009CA1A4 /* AddBlockView.swift */; };
		0719649429E0692E009CA1A4 /* FieldForm.swift in Sources */ = {isa = PBXBuildFile; fileRef = 0719649329E0692E009CA1A4 /* FieldForm.swift */; };
		0719649629E0763C009CA1A4 /* SelectForm.swift in Sources */ = {isa = PBXBuildFile; fileRef = 0719649529E0763C009CA1A4 /* SelectForm.swift */; };
		0719649829E148CA009CA1A4 /* ContentsBlock.swift in Sources */ = {isa = PBXBuildFile; fileRef = 0719649729E148CA009CA1A4 /* ContentsBlock.swift */; };
		07454DDD29EA4FDD00B3458D /* SwitchGroupView.swift in Sources */ = {isa = PBXBuildFile; fileRef = 07454DDC29EA4FDD00B3458D /* SwitchGroupView.swift */; };
		07454DDF29EA501400B3458D /* SwitchGroupViewController.swift in Sources */ = {isa = PBXBuildFile; fileRef = 07454DDE29EA501400B3458D /* SwitchGroupViewController.swift */; };
		07454DE329EA6CEE00B3458D /* HideKeyboard.swift in Sources */ = {isa = PBXBuildFile; fileRef = 07454DE229EA6CEE00B3458D /* HideKeyboard.swift */; };
		0770802D29E55E7C00D66900 /* TimeTracker.swift in Sources */ = {isa = PBXBuildFile; fileRef = 0770802C29E55E7C00D66900 /* TimeTracker.swift */; };
		0770802F29E78C9200D66900 /* SelectGroupViewController.swift in Sources */ = {isa = PBXBuildFile; fileRef = 0770802E29E78C9200D66900 /* SelectGroupViewController.swift */; };
		0770803129E78D0500D66900 /* SelectGroupView.swift in Sources */ = {isa = PBXBuildFile; fileRef = 0770803029E78D0500D66900 /* SelectGroupView.swift */; };
		0770803429E797E100D66900 /* SelectIconViewController.swift in Sources */ = {isa = PBXBuildFile; fileRef = 0770803329E797E100D66900 /* SelectIconViewController.swift */; };
		0770803629E7981300D66900 /* SelectIconView.swift in Sources */ = {isa = PBXBuildFile; fileRef = 0770803529E7981300D66900 /* SelectIconView.swift */; };
		0770803829E7988100D66900 /* SelectColorView.swift in Sources */ = {isa = PBXBuildFile; fileRef = 0770803729E7988100D66900 /* SelectColorView.swift */; };
		0770803A29E7989B00D66900 /* SelectColorViewController.swift in Sources */ = {isa = PBXBuildFile; fileRef = 0770803929E7989A00D66900 /* SelectColorViewController.swift */; };
		0771983F29E2F4D10021088A /* ButtonBackgroundColor.swift in Sources */ = {isa = PBXBuildFile; fileRef = 0771983E29E2F4D10021088A /* ButtonBackgroundColor.swift */; };
		078C50B629D7152F00F239BA /* AppDelegate.swift in Sources */ = {isa = PBXBuildFile; fileRef = 078C50B529D7152F00F239BA /* AppDelegate.swift */; };
		078C50B829D7152F00F239BA /* SceneDelegate.swift in Sources */ = {isa = PBXBuildFile; fileRef = 078C50B729D7152F00F239BA /* SceneDelegate.swift */; };
		078C50BA29D7152F00F239BA /* HomeViewController.swift in Sources */ = {isa = PBXBuildFile; fileRef = 078C50B929D7152F00F239BA /* HomeViewController.swift */; };
		078C50C029D7152F00F239BA /* DayBlock.xcdatamodeld in Sources */ = {isa = PBXBuildFile; fileRef = 078C50BE29D7152F00F239BA /* DayBlock.xcdatamodeld */; };
		078C50C229D7153000F239BA /* Assets.xcassets in Resources */ = {isa = PBXBuildFile; fileRef = 078C50C129D7153000F239BA /* Assets.xcassets */; };
		078C50C529D7153000F239BA /* LaunchScreen.storyboard in Resources */ = {isa = PBXBuildFile; fileRef = 078C50C329D7153000F239BA /* LaunchScreen.storyboard */; };
		078C50D129D726FE00F239BA /* HomeView.swift in Sources */ = {isa = PBXBuildFile; fileRef = 078C50D029D726FE00F239BA /* HomeView.swift */; };
		078C50DE29D72BD100F239BA /* Pretendard-Light.otf in Resources */ = {isa = PBXBuildFile; fileRef = 078C50D529D72BD000F239BA /* Pretendard-Light.otf */; };
		078C50DF29D72BD100F239BA /* Pretendard-SemiBold.otf in Resources */ = {isa = PBXBuildFile; fileRef = 078C50D629D72BD000F239BA /* Pretendard-SemiBold.otf */; };
		078C50E029D72BD100F239BA /* Pretendard-ExtraBold.otf in Resources */ = {isa = PBXBuildFile; fileRef = 078C50D729D72BD000F239BA /* Pretendard-ExtraBold.otf */; };
		078C50E129D72BD100F239BA /* Pretendard-Medium.otf in Resources */ = {isa = PBXBuildFile; fileRef = 078C50D829D72BD000F239BA /* Pretendard-Medium.otf */; };
		078C50E229D72BD100F239BA /* Pretendard-ExtraLight.otf in Resources */ = {isa = PBXBuildFile; fileRef = 078C50D929D72BD000F239BA /* Pretendard-ExtraLight.otf */; };
		078C50E329D72BD100F239BA /* Pretendard-Regular.otf in Resources */ = {isa = PBXBuildFile; fileRef = 078C50DA29D72BD100F239BA /* Pretendard-Regular.otf */; };
		078C50E429D72BD100F239BA /* Pretendard-Black.otf in Resources */ = {isa = PBXBuildFile; fileRef = 078C50DB29D72BD100F239BA /* Pretendard-Black.otf */; };
		078C50E529D72BD100F239BA /* Pretendard-Thin.otf in Resources */ = {isa = PBXBuildFile; fileRef = 078C50DC29D72BD100F239BA /* Pretendard-Thin.otf */; };
		078C50E629D72BD100F239BA /* Pretendard-Bold.otf in Resources */ = {isa = PBXBuildFile; fileRef = 078C50DD29D72BD100F239BA /* Pretendard-Bold.otf */; };
		078C50E829D72D2900F239BA /* Constants.swift in Sources */ = {isa = PBXBuildFile; fileRef = 078C50E729D72D2900F239BA /* Constants.swift */; };
		078C50EB29D72EE300F239BA /* Poppins-Bold.ttf in Resources */ = {isa = PBXBuildFile; fileRef = 078C50EA29D72EE300F239BA /* Poppins-Bold.ttf */; };
		078C50EE29D72F9D00F239BA /* RGB.swift in Sources */ = {isa = PBXBuildFile; fileRef = 078C50ED29D72F9D00F239BA /* RGB.swift */; };
		078C50F429D73D0200F239BA /* BlockPreview.swift in Sources */ = {isa = PBXBuildFile; fileRef = 078C50F329D73D0200F239BA /* BlockPreview.swift */; };
		078C50F629D9BBB200F239BA /* ScheduleViewController.swift in Sources */ = {isa = PBXBuildFile; fileRef = 078C50F529D9BBB200F239BA /* ScheduleViewController.swift */; };
		078C50F829D9BBFE00F239BA /* StorageViewController.swift in Sources */ = {isa = PBXBuildFile; fileRef = 078C50F729D9BBFE00F239BA /* StorageViewController.swift */; };
/* End PBXBuildFile section */

/* Begin PBXFileReference section */
		0719648029DAF38A009CA1A4 /* Block.swift */ = {isa = PBXFileReference; lastKnownFileType = sourcecode.swift; path = Block.swift; sourceTree = "<group>"; };
		0719648229DAF4B5009CA1A4 /* BlockGroup.swift */ = {isa = PBXFileReference; lastKnownFileType = sourcecode.swift; path = BlockGroup.swift; sourceTree = "<group>"; };
		0719648529DAF9A5009CA1A4 /* BlockCollectionViewCell.swift */ = {isa = PBXFileReference; lastKnownFileType = sourcecode.swift; path = BlockCollectionViewCell.swift; sourceTree = "<group>"; };
		0719648729DC5066009CA1A4 /* TabBarActiveStackView.swift */ = {isa = PBXFileReference; lastKnownFileType = sourcecode.swift; path = TabBarActiveStackView.swift; sourceTree = "<group>"; };
		0719648929DC5CB4009CA1A4 /* BlockManager.swift */ = {isa = PBXFileReference; lastKnownFileType = sourcecode.swift; path = BlockManager.swift; sourceTree = "<group>"; };
		0719648B29DDB1C0009CA1A4 /* PaintBlock.swift */ = {isa = PBXFileReference; lastKnownFileType = sourcecode.swift; path = PaintBlock.swift; sourceTree = "<group>"; };
		0719648D29DF044C009CA1A4 /* GroupSelectButton.swift */ = {isa = PBXFileReference; lastKnownFileType = sourcecode.swift; path = GroupSelectButton.swift; sourceTree = "<group>"; };
		0719648F29E04F7E009CA1A4 /* AddBlockViewController.swift */ = {isa = PBXFileReference; lastKnownFileType = sourcecode.swift; path = AddBlockViewController.swift; sourceTree = "<group>"; };
		0719649129E04FD8009CA1A4 /* AddBlockView.swift */ = {isa = PBXFileReference; lastKnownFileType = sourcecode.swift; path = AddBlockView.swift; sourceTree = "<group>"; };
		0719649329E0692E009CA1A4 /* FieldForm.swift */ = {isa = PBXFileReference; lastKnownFileType = sourcecode.swift; path = FieldForm.swift; sourceTree = "<group>"; };
		0719649529E0763C009CA1A4 /* SelectForm.swift */ = {isa = PBXFileReference; lastKnownFileType = sourcecode.swift; path = SelectForm.swift; sourceTree = "<group>"; };
		0719649729E148CA009CA1A4 /* ContentsBlock.swift */ = {isa = PBXFileReference; lastKnownFileType = sourcecode.swift; path = ContentsBlock.swift; sourceTree = "<group>"; };
		07454DDC29EA4FDD00B3458D /* SwitchGroupView.swift */ = {isa = PBXFileReference; lastKnownFileType = sourcecode.swift; path = SwitchGroupView.swift; sourceTree = "<group>"; };
		07454DDE29EA501400B3458D /* SwitchGroupViewController.swift */ = {isa = PBXFileReference; lastKnownFileType = sourcecode.swift; name = SwitchGroupViewController.swift; path = ../../../../../../../../Applications/SwitchGroupViewController.swift; sourceTree = "<group>"; };
		07454DE229EA6CEE00B3458D /* HideKeyboard.swift */ = {isa = PBXFileReference; lastKnownFileType = sourcecode.swift; path = HideKeyboard.swift; sourceTree = "<group>"; };
		0770802C29E55E7C00D66900 /* TimeTracker.swift */ = {isa = PBXFileReference; lastKnownFileType = sourcecode.swift; path = TimeTracker.swift; sourceTree = "<group>"; };
		0770802E29E78C9200D66900 /* SelectGroupViewController.swift */ = {isa = PBXFileReference; lastKnownFileType = sourcecode.swift; path = SelectGroupViewController.swift; sourceTree = "<group>"; };
		0770803029E78D0500D66900 /* SelectGroupView.swift */ = {isa = PBXFileReference; lastKnownFileType = sourcecode.swift; path = SelectGroupView.swift; sourceTree = "<group>"; };
		0770803329E797E100D66900 /* SelectIconViewController.swift */ = {isa = PBXFileReference; lastKnownFileType = sourcecode.swift; path = SelectIconViewController.swift; sourceTree = "<group>"; };
		0770803529E7981300D66900 /* SelectIconView.swift */ = {isa = PBXFileReference; lastKnownFileType = sourcecode.swift; path = SelectIconView.swift; sourceTree = "<group>"; };
		0770803729E7988100D66900 /* SelectColorView.swift */ = {isa = PBXFileReference; lastKnownFileType = sourcecode.swift; path = SelectColorView.swift; sourceTree = "<group>"; };
		0770803929E7989A00D66900 /* SelectColorViewController.swift */ = {isa = PBXFileReference; lastKnownFileType = sourcecode.swift; path = SelectColorViewController.swift; sourceTree = "<group>"; };
		0771983E29E2F4D10021088A /* ButtonBackgroundColor.swift */ = {isa = PBXFileReference; lastKnownFileType = sourcecode.swift; path = ButtonBackgroundColor.swift; sourceTree = "<group>"; };
		078C50B229D7152F00F239BA /* DayBlock.app */ = {isa = PBXFileReference; explicitFileType = wrapper.application; includeInIndex = 0; path = DayBlock.app; sourceTree = BUILT_PRODUCTS_DIR; };
		078C50B529D7152F00F239BA /* AppDelegate.swift */ = {isa = PBXFileReference; lastKnownFileType = sourcecode.swift; path = AppDelegate.swift; sourceTree = "<group>"; };
		078C50B729D7152F00F239BA /* SceneDelegate.swift */ = {isa = PBXFileReference; lastKnownFileType = sourcecode.swift; path = SceneDelegate.swift; sourceTree = "<group>"; };
		078C50B929D7152F00F239BA /* HomeViewController.swift */ = {isa = PBXFileReference; lastKnownFileType = sourcecode.swift; path = HomeViewController.swift; sourceTree = "<group>"; };
		078C50BF29D7152F00F239BA /* DayBlock.xcdatamodel */ = {isa = PBXFileReference; lastKnownFileType = wrapper.xcdatamodel; path = DayBlock.xcdatamodel; sourceTree = "<group>"; };
		078C50C129D7153000F239BA /* Assets.xcassets */ = {isa = PBXFileReference; lastKnownFileType = folder.assetcatalog; path = Assets.xcassets; sourceTree = "<group>"; };
		078C50C429D7153000F239BA /* Base */ = {isa = PBXFileReference; lastKnownFileType = file.storyboard; name = Base; path = Base.lproj/LaunchScreen.storyboard; sourceTree = "<group>"; };
		078C50C629D7153000F239BA /* Info.plist */ = {isa = PBXFileReference; lastKnownFileType = text.plist.xml; path = Info.plist; sourceTree = "<group>"; };
		078C50D029D726FE00F239BA /* HomeView.swift */ = {isa = PBXFileReference; lastKnownFileType = sourcecode.swift; path = HomeView.swift; sourceTree = "<group>"; };
		078C50D529D72BD000F239BA /* Pretendard-Light.otf */ = {isa = PBXFileReference; lastKnownFileType = file; path = "Pretendard-Light.otf"; sourceTree = "<group>"; };
		078C50D629D72BD000F239BA /* Pretendard-SemiBold.otf */ = {isa = PBXFileReference; lastKnownFileType = file; path = "Pretendard-SemiBold.otf"; sourceTree = "<group>"; };
		078C50D729D72BD000F239BA /* Pretendard-ExtraBold.otf */ = {isa = PBXFileReference; lastKnownFileType = file; path = "Pretendard-ExtraBold.otf"; sourceTree = "<group>"; };
		078C50D829D72BD000F239BA /* Pretendard-Medium.otf */ = {isa = PBXFileReference; lastKnownFileType = file; path = "Pretendard-Medium.otf"; sourceTree = "<group>"; };
		078C50D929D72BD000F239BA /* Pretendard-ExtraLight.otf */ = {isa = PBXFileReference; lastKnownFileType = file; path = "Pretendard-ExtraLight.otf"; sourceTree = "<group>"; };
		078C50DA29D72BD100F239BA /* Pretendard-Regular.otf */ = {isa = PBXFileReference; lastKnownFileType = file; path = "Pretendard-Regular.otf"; sourceTree = "<group>"; };
		078C50DB29D72BD100F239BA /* Pretendard-Black.otf */ = {isa = PBXFileReference; lastKnownFileType = file; path = "Pretendard-Black.otf"; sourceTree = "<group>"; };
		078C50DC29D72BD100F239BA /* Pretendard-Thin.otf */ = {isa = PBXFileReference; lastKnownFileType = file; path = "Pretendard-Thin.otf"; sourceTree = "<group>"; };
		078C50DD29D72BD100F239BA /* Pretendard-Bold.otf */ = {isa = PBXFileReference; lastKnownFileType = file; path = "Pretendard-Bold.otf"; sourceTree = "<group>"; };
		078C50E729D72D2900F239BA /* Constants.swift */ = {isa = PBXFileReference; lastKnownFileType = sourcecode.swift; path = Constants.swift; sourceTree = "<group>"; };
		078C50EA29D72EE300F239BA /* Poppins-Bold.ttf */ = {isa = PBXFileReference; lastKnownFileType = file; path = "Poppins-Bold.ttf"; sourceTree = "<group>"; };
		078C50ED29D72F9D00F239BA /* RGB.swift */ = {isa = PBXFileReference; lastKnownFileType = sourcecode.swift; path = RGB.swift; sourceTree = "<group>"; };
		078C50F329D73D0200F239BA /* BlockPreview.swift */ = {isa = PBXFileReference; lastKnownFileType = sourcecode.swift; path = BlockPreview.swift; sourceTree = "<group>"; };
		078C50F529D9BBB200F239BA /* ScheduleViewController.swift */ = {isa = PBXFileReference; lastKnownFileType = sourcecode.swift; path = ScheduleViewController.swift; sourceTree = "<group>"; };
		078C50F729D9BBFE00F239BA /* StorageViewController.swift */ = {isa = PBXFileReference; lastKnownFileType = sourcecode.swift; path = StorageViewController.swift; sourceTree = "<group>"; };
/* End PBXFileReference section */

/* Begin PBXFrameworksBuildPhase section */
		078C50AF29D7152F00F239BA /* Frameworks */ = {
			isa = PBXFrameworksBuildPhase;
			buildActionMask = 2147483647;
			files = (
			);
			runOnlyForDeploymentPostprocessing = 0;
		};
/* End PBXFrameworksBuildPhase section */

/* Begin PBXGroup section */
		0770803229E7958000D66900 /* Cells */ = {
			isa = PBXGroup;
			children = (
				0719648529DAF9A5009CA1A4 /* BlockCollectionViewCell.swift */,
			);
			path = Cells;
			sourceTree = "<group>";
		};
		078C50A929D7152F00F239BA = {
			isa = PBXGroup;
			children = (
				078C50B429D7152F00F239BA /* DayBlock */,
				078C50B329D7152F00F239BA /* Products */,
			);
			sourceTree = "<group>";
		};
		078C50B329D7152F00F239BA /* Products */ = {
			isa = PBXGroup;
			children = (
				078C50B229D7152F00F239BA /* DayBlock.app */,
			);
			name = Products;
			sourceTree = "<group>";
		};
		078C50B429D7152F00F239BA /* DayBlock */ = {
			isa = PBXGroup;
			children = (
				078C50C629D7153000F239BA /* Info.plist */,
				078C50BE29D7152F00F239BA /* DayBlock.xcdatamodeld */,
				078C50C129D7153000F239BA /* Assets.xcassets */,
				078C50C329D7153000F239BA /* LaunchScreen.storyboard */,
				078C50CC29D7263600F239BA /* Essentials */,
				078C50CE29D7266E00F239BA /* Models */,
				078C50CF29D7267A00F239BA /* Views */,
				078C50CD29D7266400F239BA /* Controllers */,
				078C50EC29D72F7900F239BA /* Extensions */,
				0770803229E7958000D66900 /* Cells */,
				078C50D229D728C800F239BA /* Components */,
				078C50D329D72A8C00F239BA /* Fonts */,
			);
			path = DayBlock;
			sourceTree = "<group>";
		};
		078C50CC29D7263600F239BA /* Essentials */ = {
			isa = PBXGroup;
			children = (
				078C50B529D7152F00F239BA /* AppDelegate.swift */,
				078C50B729D7152F00F239BA /* SceneDelegate.swift */,
				078C50E729D72D2900F239BA /* Constants.swift */,
			);
			path = Essentials;
			sourceTree = "<group>";
		};
		078C50CD29D7266400F239BA /* Controllers */ = {
			isa = PBXGroup;
			children = (
				078C50B929D7152F00F239BA /* HomeViewController.swift */,
				07454DDE29EA501400B3458D /* SwitchGroupViewController.swift */,
				0719648F29E04F7E009CA1A4 /* AddBlockViewController.swift */,
				078C50F529D9BBB200F239BA /* ScheduleViewController.swift */,
				078C50F729D9BBFE00F239BA /* StorageViewController.swift */,
				0770802E29E78C9200D66900 /* SelectGroupViewController.swift */,
				0770803329E797E100D66900 /* SelectIconViewController.swift */,
				0770803929E7989A00D66900 /* SelectColorViewController.swift */,
			);
			path = Controllers;
			sourceTree = "<group>";
		};
		078C50CE29D7266E00F239BA /* Models */ = {
			isa = PBXGroup;
			children = (
				0719648029DAF38A009CA1A4 /* Block.swift */,
				0719648229DAF4B5009CA1A4 /* BlockGroup.swift */,
				0719648929DC5CB4009CA1A4 /* BlockManager.swift */,
				0770802C29E55E7C00D66900 /* TimeTracker.swift */,
			);
			path = Models;
			sourceTree = "<group>";
		};
		078C50CF29D7267A00F239BA /* Views */ = {
			isa = PBXGroup;
			children = (
				078C50D029D726FE00F239BA /* HomeView.swift */,
				07454DDC29EA4FDD00B3458D /* SwitchGroupView.swift */,
				0719649129E04FD8009CA1A4 /* AddBlockView.swift */,
				0770803029E78D0500D66900 /* SelectGroupView.swift */,
				0770803529E7981300D66900 /* SelectIconView.swift */,
				0770803729E7988100D66900 /* SelectColorView.swift */,
			);
			path = Views;
			sourceTree = "<group>";
		};
		078C50D229D728C800F239BA /* Components */ = {
			isa = PBXGroup;
			children = (
				0719649729E148CA009CA1A4 /* ContentsBlock.swift */,
				078C50F329D73D0200F239BA /* BlockPreview.swift */,
				0719648B29DDB1C0009CA1A4 /* PaintBlock.swift */,
				0719648D29DF044C009CA1A4 /* GroupSelectButton.swift */,
				0719648729DC5066009CA1A4 /* TabBarActiveStackView.swift */,
				0719649329E0692E009CA1A4 /* FieldForm.swift */,
				0719649529E0763C009CA1A4 /* SelectForm.swift */,
			);
			path = Components;
			sourceTree = "<group>";
		};
		078C50D329D72A8C00F239BA /* Fonts */ = {
			isa = PBXGroup;
			children = (
				078C50D429D72BA300F239BA /* Pretendard */,
				078C50E929D72ECC00F239BA /* Poppins */,
			);
			path = Fonts;
			sourceTree = "<group>";
		};
		078C50D429D72BA300F239BA /* Pretendard */ = {
			isa = PBXGroup;
			children = (
				078C50DC29D72BD100F239BA /* Pretendard-Thin.otf */,
				078C50D929D72BD000F239BA /* Pretendard-ExtraLight.otf */,
				078C50D529D72BD000F239BA /* Pretendard-Light.otf */,
				078C50DA29D72BD100F239BA /* Pretendard-Regular.otf */,
				078C50D829D72BD000F239BA /* Pretendard-Medium.otf */,
				078C50D629D72BD000F239BA /* Pretendard-SemiBold.otf */,
				078C50DD29D72BD100F239BA /* Pretendard-Bold.otf */,
				078C50D729D72BD000F239BA /* Pretendard-ExtraBold.otf */,
				078C50DB29D72BD100F239BA /* Pretendard-Black.otf */,
			);
			path = Pretendard;
			sourceTree = "<group>";
		};
		078C50E929D72ECC00F239BA /* Poppins */ = {
			isa = PBXGroup;
			children = (
				078C50EA29D72EE300F239BA /* Poppins-Bold.ttf */,
			);
			path = Poppins;
			sourceTree = "<group>";
		};
		078C50EC29D72F7900F239BA /* Extensions */ = {
			isa = PBXGroup;
			children = (
				078C50ED29D72F9D00F239BA /* RGB.swift */,
				0771983E29E2F4D10021088A /* ButtonBackgroundColor.swift */,
				07454DE229EA6CEE00B3458D /* HideKeyboard.swift */,
			);
			path = Extensions;
			sourceTree = "<group>";
		};
/* End PBXGroup section */

/* Begin PBXNativeTarget section */
		078C50B129D7152F00F239BA /* DayBlock */ = {
			isa = PBXNativeTarget;
			buildConfigurationList = 078C50C929D7153000F239BA /* Build configuration list for PBXNativeTarget "DayBlock" */;
			buildPhases = (
				078C50AE29D7152F00F239BA /* Sources */,
				078C50AF29D7152F00F239BA /* Frameworks */,
				078C50B029D7152F00F239BA /* Resources */,
			);
			buildRules = (
			);
			dependencies = (
			);
			name = DayBlock;
			productName = DayBlock;
			productReference = 078C50B229D7152F00F239BA /* DayBlock.app */;
			productType = "com.apple.product-type.application";
		};
/* End PBXNativeTarget section */

/* Begin PBXProject section */
		078C50AA29D7152F00F239BA /* Project object */ = {
			isa = PBXProject;
			attributes = {
				BuildIndependentTargetsInParallel = 1;
				LastSwiftUpdateCheck = 1420;
				LastUpgradeCheck = 1420;
				TargetAttributes = {
					078C50B129D7152F00F239BA = {
						CreatedOnToolsVersion = 14.2;
					};
				};
			};
			buildConfigurationList = 078C50AD29D7152F00F239BA /* Build configuration list for PBXProject "DayBlock" */;
			compatibilityVersion = "Xcode 14.0";
			developmentRegion = en;
			hasScannedForEncodings = 0;
			knownRegions = (
				en,
				Base,
			);
			mainGroup = 078C50A929D7152F00F239BA;
			productRefGroup = 078C50B329D7152F00F239BA /* Products */;
			projectDirPath = "";
			projectRoot = "";
			targets = (
				078C50B129D7152F00F239BA /* DayBlock */,
			);
		};
/* End PBXProject section */

/* Begin PBXResourcesBuildPhase section */
		078C50B029D7152F00F239BA /* Resources */ = {
			isa = PBXResourcesBuildPhase;
			buildActionMask = 2147483647;
			files = (
				078C50E629D72BD100F239BA /* Pretendard-Bold.otf in Resources */,
				078C50E229D72BD100F239BA /* Pretendard-ExtraLight.otf in Resources */,
				078C50E529D72BD100F239BA /* Pretendard-Thin.otf in Resources */,
				078C50C529D7153000F239BA /* LaunchScreen.storyboard in Resources */,
				078C50C229D7153000F239BA /* Assets.xcassets in Resources */,
				078C50E029D72BD100F239BA /* Pretendard-ExtraBold.otf in Resources */,
				078C50E429D72BD100F239BA /* Pretendard-Black.otf in Resources */,
				078C50EB29D72EE300F239BA /* Poppins-Bold.ttf in Resources */,
				078C50DE29D72BD100F239BA /* Pretendard-Light.otf in Resources */,
				078C50E329D72BD100F239BA /* Pretendard-Regular.otf in Resources */,
				078C50DF29D72BD100F239BA /* Pretendard-SemiBold.otf in Resources */,
				078C50E129D72BD100F239BA /* Pretendard-Medium.otf in Resources */,
			);
			runOnlyForDeploymentPostprocessing = 0;
		};
/* End PBXResourcesBuildPhase section */

/* Begin PBXSourcesBuildPhase section */
		078C50AE29D7152F00F239BA /* Sources */ = {
			isa = PBXSourcesBuildPhase;
			buildActionMask = 2147483647;
			files = (
				0770803129E78D0500D66900 /* SelectGroupView.swift in Sources */,
				078C50BA29D7152F00F239BA /* HomeViewController.swift in Sources */,
				0719649229E04FD8009CA1A4 /* AddBlockView.swift in Sources */,
				07454DDD29EA4FDD00B3458D /* SwitchGroupView.swift in Sources */,
				078C50B629D7152F00F239BA /* AppDelegate.swift in Sources */,
				0770803A29E7989B00D66900 /* SelectColorViewController.swift in Sources */,
				0770803829E7988100D66900 /* SelectColorView.swift in Sources */,
				0719648C29DDB1C0009CA1A4 /* PaintBlock.swift in Sources */,
				0719648E29DF044C009CA1A4 /* GroupSelectButton.swift in Sources */,
				0719649829E148CA009CA1A4 /* ContentsBlock.swift in Sources */,
				0719648A29DC5CB4009CA1A4 /* BlockManager.swift in Sources */,
				078C50F429D73D0200F239BA /* BlockPreview.swift in Sources */,
				0719648329DAF4B5009CA1A4 /* BlockGroup.swift in Sources */,
				078C50F629D9BBB200F239BA /* ScheduleViewController.swift in Sources */,
				0771983F29E2F4D10021088A /* ButtonBackgroundColor.swift in Sources */,
				078C50C029D7152F00F239BA /* DayBlock.xcdatamodeld in Sources */,
				0770802F29E78C9200D66900 /* SelectGroupViewController.swift in Sources */,
				078C50D129D726FE00F239BA /* HomeView.swift in Sources */,
				0770803629E7981300D66900 /* SelectIconView.swift in Sources */,
				078C50EE29D72F9D00F239BA /* RGB.swift in Sources */,
				0719648129DAF38A009CA1A4 /* Block.swift in Sources */,
				0770803429E797E100D66900 /* SelectIconViewController.swift in Sources */,
				07454DE329EA6CEE00B3458D /* HideKeyboard.swift in Sources */,
				0719648829DC5066009CA1A4 /* TabBarActiveStackView.swift in Sources */,
				078C50B829D7152F00F239BA /* SceneDelegate.swift in Sources */,
				07454DDF29EA501400B3458D /* SwitchGroupViewController.swift in Sources */,
				0719649029E04F7E009CA1A4 /* AddBlockViewController.swift in Sources */,
				0719649429E0692E009CA1A4 /* FieldForm.swift in Sources */,
				0719648629DAF9A5009CA1A4 /* BlockCollectionViewCell.swift in Sources */,
				078C50F829D9BBFE00F239BA /* StorageViewController.swift in Sources */,
				0719649629E0763C009CA1A4 /* SelectForm.swift in Sources */,
				078C50E829D72D2900F239BA /* Constants.swift in Sources */,
				0770802D29E55E7C00D66900 /* TimeTracker.swift in Sources */,
			);
			runOnlyForDeploymentPostprocessing = 0;
		};
/* End PBXSourcesBuildPhase section */

/* Begin PBXVariantGroup section */
		078C50C329D7153000F239BA /* LaunchScreen.storyboard */ = {
			isa = PBXVariantGroup;
			children = (
				078C50C429D7153000F239BA /* Base */,
			);
			name = LaunchScreen.storyboard;
			sourceTree = "<group>";
		};
/* End PBXVariantGroup section */

/* Begin XCBuildConfiguration section */
		078C50C729D7153000F239BA /* Debug */ = {
			isa = XCBuildConfiguration;
			buildSettings = {
				ALWAYS_SEARCH_USER_PATHS = NO;
				CLANG_ANALYZER_NONNULL = YES;
				CLANG_ANALYZER_NUMBER_OBJECT_CONVERSION = YES_AGGRESSIVE;
				CLANG_CXX_LANGUAGE_STANDARD = "gnu++20";
				CLANG_ENABLE_MODULES = YES;
				CLANG_ENABLE_OBJC_ARC = YES;
				CLANG_ENABLE_OBJC_WEAK = YES;
				CLANG_WARN_BLOCK_CAPTURE_AUTORELEASING = YES;
				CLANG_WARN_BOOL_CONVERSION = YES;
				CLANG_WARN_COMMA = YES;
				CLANG_WARN_CONSTANT_CONVERSION = YES;
				CLANG_WARN_DEPRECATED_OBJC_IMPLEMENTATIONS = YES;
				CLANG_WARN_DIRECT_OBJC_ISA_USAGE = YES_ERROR;
				CLANG_WARN_DOCUMENTATION_COMMENTS = YES;
				CLANG_WARN_EMPTY_BODY = YES;
				CLANG_WARN_ENUM_CONVERSION = YES;
				CLANG_WARN_INFINITE_RECURSION = YES;
				CLANG_WARN_INT_CONVERSION = YES;
				CLANG_WARN_NON_LITERAL_NULL_CONVERSION = YES;
				CLANG_WARN_OBJC_IMPLICIT_RETAIN_SELF = YES;
				CLANG_WARN_OBJC_LITERAL_CONVERSION = YES;
				CLANG_WARN_OBJC_ROOT_CLASS = YES_ERROR;
				CLANG_WARN_QUOTED_INCLUDE_IN_FRAMEWORK_HEADER = YES;
				CLANG_WARN_RANGE_LOOP_ANALYSIS = YES;
				CLANG_WARN_STRICT_PROTOTYPES = YES;
				CLANG_WARN_SUSPICIOUS_MOVE = YES;
				CLANG_WARN_UNGUARDED_AVAILABILITY = YES_AGGRESSIVE;
				CLANG_WARN_UNREACHABLE_CODE = YES;
				CLANG_WARN__DUPLICATE_METHOD_MATCH = YES;
				COPY_PHASE_STRIP = NO;
				DEBUG_INFORMATION_FORMAT = dwarf;
				ENABLE_STRICT_OBJC_MSGSEND = YES;
				ENABLE_TESTABILITY = YES;
				GCC_C_LANGUAGE_STANDARD = gnu11;
				GCC_DYNAMIC_NO_PIC = NO;
				GCC_NO_COMMON_BLOCKS = YES;
				GCC_OPTIMIZATION_LEVEL = 0;
				GCC_PREPROCESSOR_DEFINITIONS = (
					"DEBUG=1",
					"$(inherited)",
				);
				GCC_WARN_64_TO_32_BIT_CONVERSION = YES;
				GCC_WARN_ABOUT_RETURN_TYPE = YES_ERROR;
				GCC_WARN_UNDECLARED_SELECTOR = YES;
				GCC_WARN_UNINITIALIZED_AUTOS = YES_AGGRESSIVE;
				GCC_WARN_UNUSED_FUNCTION = YES;
				GCC_WARN_UNUSED_VARIABLE = YES;
				IPHONEOS_DEPLOYMENT_TARGET = 16.2;
				MTL_ENABLE_DEBUG_INFO = INCLUDE_SOURCE;
				MTL_FAST_MATH = YES;
				ONLY_ACTIVE_ARCH = YES;
				SDKROOT = iphoneos;
				SWIFT_ACTIVE_COMPILATION_CONDITIONS = DEBUG;
				SWIFT_OPTIMIZATION_LEVEL = "-Onone";
			};
			name = Debug;
		};
		078C50C829D7153000F239BA /* Release */ = {
			isa = XCBuildConfiguration;
			buildSettings = {
				ALWAYS_SEARCH_USER_PATHS = NO;
				CLANG_ANALYZER_NONNULL = YES;
				CLANG_ANALYZER_NUMBER_OBJECT_CONVERSION = YES_AGGRESSIVE;
				CLANG_CXX_LANGUAGE_STANDARD = "gnu++20";
				CLANG_ENABLE_MODULES = YES;
				CLANG_ENABLE_OBJC_ARC = YES;
				CLANG_ENABLE_OBJC_WEAK = YES;
				CLANG_WARN_BLOCK_CAPTURE_AUTORELEASING = YES;
				CLANG_WARN_BOOL_CONVERSION = YES;
				CLANG_WARN_COMMA = YES;
				CLANG_WARN_CONSTANT_CONVERSION = YES;
				CLANG_WARN_DEPRECATED_OBJC_IMPLEMENTATIONS = YES;
				CLANG_WARN_DIRECT_OBJC_ISA_USAGE = YES_ERROR;
				CLANG_WARN_DOCUMENTATION_COMMENTS = YES;
				CLANG_WARN_EMPTY_BODY = YES;
				CLANG_WARN_ENUM_CONVERSION = YES;
				CLANG_WARN_INFINITE_RECURSION = YES;
				CLANG_WARN_INT_CONVERSION = YES;
				CLANG_WARN_NON_LITERAL_NULL_CONVERSION = YES;
				CLANG_WARN_OBJC_IMPLICIT_RETAIN_SELF = YES;
				CLANG_WARN_OBJC_LITERAL_CONVERSION = YES;
				CLANG_WARN_OBJC_ROOT_CLASS = YES_ERROR;
				CLANG_WARN_QUOTED_INCLUDE_IN_FRAMEWORK_HEADER = YES;
				CLANG_WARN_RANGE_LOOP_ANALYSIS = YES;
				CLANG_WARN_STRICT_PROTOTYPES = YES;
				CLANG_WARN_SUSPICIOUS_MOVE = YES;
				CLANG_WARN_UNGUARDED_AVAILABILITY = YES_AGGRESSIVE;
				CLANG_WARN_UNREACHABLE_CODE = YES;
				CLANG_WARN__DUPLICATE_METHOD_MATCH = YES;
				COPY_PHASE_STRIP = NO;
				DEBUG_INFORMATION_FORMAT = "dwarf-with-dsym";
				ENABLE_NS_ASSERTIONS = NO;
				ENABLE_STRICT_OBJC_MSGSEND = YES;
				GCC_C_LANGUAGE_STANDARD = gnu11;
				GCC_NO_COMMON_BLOCKS = YES;
				GCC_WARN_64_TO_32_BIT_CONVERSION = YES;
				GCC_WARN_ABOUT_RETURN_TYPE = YES_ERROR;
				GCC_WARN_UNDECLARED_SELECTOR = YES;
				GCC_WARN_UNINITIALIZED_AUTOS = YES_AGGRESSIVE;
				GCC_WARN_UNUSED_FUNCTION = YES;
				GCC_WARN_UNUSED_VARIABLE = YES;
				IPHONEOS_DEPLOYMENT_TARGET = 16.2;
				MTL_ENABLE_DEBUG_INFO = NO;
				MTL_FAST_MATH = YES;
				SDKROOT = iphoneos;
				SWIFT_COMPILATION_MODE = wholemodule;
				SWIFT_OPTIMIZATION_LEVEL = "-O";
				VALIDATE_PRODUCT = YES;
			};
			name = Release;
		};
		078C50CA29D7153000F239BA /* Debug */ = {
			isa = XCBuildConfiguration;
			buildSettings = {
				ASSETCATALOG_COMPILER_APPICON_NAME = AppIcon;
				ASSETCATALOG_COMPILER_GLOBAL_ACCENT_COLOR_NAME = AccentColor;
				CODE_SIGN_STYLE = Automatic;
				CURRENT_PROJECT_VERSION = 1;
				DEVELOPMENT_TEAM = 9XG4S4XZWN;
				GENERATE_INFOPLIST_FILE = YES;
				INFOPLIST_FILE = DayBlock/Info.plist;
				INFOPLIST_KEY_UIApplicationSupportsIndirectInputEvents = YES;
				INFOPLIST_KEY_UILaunchStoryboardName = LaunchScreen;
				INFOPLIST_KEY_UIRequiresFullScreen = YES;
				INFOPLIST_KEY_UIStatusBarStyle = "";
				INFOPLIST_KEY_UISupportedInterfaceOrientations = UIInterfaceOrientationPortrait;
				INFOPLIST_KEY_UIUserInterfaceStyle = Light;
				IPHONEOS_DEPLOYMENT_TARGET = 14.0;
				LD_RUNPATH_SEARCH_PATHS = (
					"$(inherited)",
					"@executable_path/Frameworks",
				);
				MARKETING_VERSION = 1.0;
				PRODUCT_BUNDLE_IDENTIFIER = com.thinkyside.DayBlock;
				PRODUCT_NAME = "$(TARGET_NAME)";
				SWIFT_EMIT_LOC_STRINGS = YES;
				SWIFT_VERSION = 5.0;
				TARGETED_DEVICE_FAMILY = "1,2";
			};
			name = Debug;
		};
		078C50CB29D7153000F239BA /* Release */ = {
			isa = XCBuildConfiguration;
			buildSettings = {
				ASSETCATALOG_COMPILER_APPICON_NAME = AppIcon;
				ASSETCATALOG_COMPILER_GLOBAL_ACCENT_COLOR_NAME = AccentColor;
				CODE_SIGN_STYLE = Automatic;
				CURRENT_PROJECT_VERSION = 1;
				DEVELOPMENT_TEAM = 9XG4S4XZWN;
				GENERATE_INFOPLIST_FILE = YES;
				INFOPLIST_FILE = DayBlock/Info.plist;
				INFOPLIST_KEY_UIApplicationSupportsIndirectInputEvents = YES;
				INFOPLIST_KEY_UILaunchStoryboardName = LaunchScreen;
				INFOPLIST_KEY_UIRequiresFullScreen = YES;
				INFOPLIST_KEY_UIStatusBarStyle = "";
				INFOPLIST_KEY_UISupportedInterfaceOrientations = UIInterfaceOrientationPortrait;
				INFOPLIST_KEY_UIUserInterfaceStyle = Light;
				IPHONEOS_DEPLOYMENT_TARGET = 14.0;
				LD_RUNPATH_SEARCH_PATHS = (
					"$(inherited)",
					"@executable_path/Frameworks",
				);
				MARKETING_VERSION = 1.0;
				PRODUCT_BUNDLE_IDENTIFIER = com.thinkyside.DayBlock;
				PRODUCT_NAME = "$(TARGET_NAME)";
				SWIFT_EMIT_LOC_STRINGS = YES;
				SWIFT_VERSION = 5.0;
				TARGETED_DEVICE_FAMILY = "1,2";
			};
			name = Release;
		};
/* End XCBuildConfiguration section */

/* Begin XCConfigurationList section */
		078C50AD29D7152F00F239BA /* Build configuration list for PBXProject "DayBlock" */ = {
			isa = XCConfigurationList;
			buildConfigurations = (
				078C50C729D7153000F239BA /* Debug */,
				078C50C829D7153000F239BA /* Release */,
			);
			defaultConfigurationIsVisible = 0;
			defaultConfigurationName = Release;
		};
		078C50C929D7153000F239BA /* Build configuration list for PBXNativeTarget "DayBlock" */ = {
			isa = XCConfigurationList;
			buildConfigurations = (
				078C50CA29D7153000F239BA /* Debug */,
				078C50CB29D7153000F239BA /* Release */,
			);
			defaultConfigurationIsVisible = 0;
			defaultConfigurationName = Release;
		};
/* End XCConfigurationList section */

/* Begin XCVersionGroup section */
		078C50BE29D7152F00F239BA /* DayBlock.xcdatamodeld */ = {
			isa = XCVersionGroup;
			children = (
				078C50BF29D7152F00F239BA /* DayBlock.xcdatamodel */,
			);
			currentVersion = 078C50BF29D7152F00F239BA /* DayBlock.xcdatamodel */;
			path = DayBlock.xcdatamodeld;
			sourceTree = "<group>";
			versionGroupType = wrapper.xcdatamodel;
		};
/* End XCVersionGroup section */
	};
	rootObject = 078C50AA29D7152F00F239BA /* Project object */;
}
