// !$*UTF8*$!
{
	archiveVersion = 1;
	classes = {
	};
	objectVersion = 56;
	objects = {

/* Begin PBXBuildFile section */
		0714B8052ACD005000B560D6 /* TestDataSet.swift in Sources */ = {isa = PBXBuildFile; fileRef = 0714B8042ACD005000B560D6 /* TestDataSet.swift */; };
		07174A142B1F470100B7EC69 /* NewTrackingBlock.swift in Sources */ = {isa = PBXBuildFile; fileRef = 07174A132B1F470100B7EC69 /* NewTrackingBlock.swift */; };
		07174A162B1F4AD900B7EC69 /* SummaryView.swift in Sources */ = {isa = PBXBuildFile; fileRef = 07174A152B1F4AD900B7EC69 /* SummaryView.swift */; };
		07174A182B1F4C6500B7EC69 /* RepositoryVC+TableView.swift in Sources */ = {isa = PBXBuildFile; fileRef = 07174A172B1F4C6500B7EC69 /* RepositoryVC+TableView.swift */; };
		07174A1A2B1F4D0200B7EC69 /* SummaryTableViewCell.swift in Sources */ = {isa = PBXBuildFile; fileRef = 07174A192B1F4D0200B7EC69 /* SummaryTableViewCell.swift */; };
		07174A1C2B1F6A6000B7EC69 /* RepositoryManager.swift in Sources */ = {isa = PBXBuildFile; fileRef = 07174A1B2B1F6A6000B7EC69 /* RepositoryManager.swift */; };
		0719648129DAF38A009CA1A4 /* RemoteBlock.swift in Sources */ = {isa = PBXBuildFile; fileRef = 0719648029DAF38A009CA1A4 /* RemoteBlock.swift */; };
		0719648329DAF4B5009CA1A4 /* RemoteGroup.swift in Sources */ = {isa = PBXBuildFile; fileRef = 0719648229DAF4B5009CA1A4 /* RemoteGroup.swift */; };
		0719648629DAF9A5009CA1A4 /* HomeBlockCollectionViewCell.swift in Sources */ = {isa = PBXBuildFile; fileRef = 0719648529DAF9A5009CA1A4 /* HomeBlockCollectionViewCell.swift */; };
		0719648829DC5066009CA1A4 /* TabBar.swift in Sources */ = {isa = PBXBuildFile; fileRef = 0719648729DC5066009CA1A4 /* TabBar.swift */; };
		0719648C29DDB1C0009CA1A4 /* TrackingBoardBlock.swift in Sources */ = {isa = PBXBuildFile; fileRef = 0719648B29DDB1C0009CA1A4 /* TrackingBoardBlock.swift */; };
		0719648E29DF044C009CA1A4 /* GroupSelectButton.swift in Sources */ = {isa = PBXBuildFile; fileRef = 0719648D29DF044C009CA1A4 /* GroupSelectButton.swift */; };
		0719649029E04F7E009CA1A4 /* CreateBlockViewController.swift in Sources */ = {isa = PBXBuildFile; fileRef = 0719648F29E04F7E009CA1A4 /* CreateBlockViewController.swift */; };
		0719649229E04FD8009CA1A4 /* CreateBlockView.swift in Sources */ = {isa = PBXBuildFile; fileRef = 0719649129E04FD8009CA1A4 /* CreateBlockView.swift */; };
		0719649429E0692E009CA1A4 /* FormTextField.swift in Sources */ = {isa = PBXBuildFile; fileRef = 0719649329E0692E009CA1A4 /* FormTextField.swift */; };
		0719649629E0763C009CA1A4 /* FormSelectButton.swift in Sources */ = {isa = PBXBuildFile; fileRef = 0719649529E0763C009CA1A4 /* FormSelectButton.swift */; };
		0719649829E148CA009CA1A4 /* DayBlock.swift in Sources */ = {isa = PBXBuildFile; fileRef = 0719649729E148CA009CA1A4 /* DayBlock.swift */; };
		071E3ABB2AC15EF1000C346F /* GroupDataStore.swift in Sources */ = {isa = PBXBuildFile; fileRef = 071E3ABA2AC15EF1000C346F /* GroupDataStore.swift */; };
		071E3ABD2AC166B2000C346F /* BlockDataStore.swift in Sources */ = {isa = PBXBuildFile; fileRef = 071E3ABC2AC166B2000C346F /* BlockDataStore.swift */; };
		0736905F2AC2D41400A42187 /* TrackingDataStore.swift in Sources */ = {isa = PBXBuildFile; fileRef = 0736905E2AC2D41400A42187 /* TrackingDataStore.swift */; };
		073EBFEE2AB6C7B80031F6AB /* .swiftlint.yml in Resources */ = {isa = PBXBuildFile; fileRef = 073EBFED2AB6C7B80031F6AB /* .swiftlint.yml */; };
		073EBFF02AB6D4D40031F6AB /* SFSymbols.swift in Sources */ = {isa = PBXBuildFile; fileRef = 073EBFEF2AB6D4D40031F6AB /* SFSymbols.swift */; };
		07454DE329EA6CEE00B3458D /* UIViewController++.swift in Sources */ = {isa = PBXBuildFile; fileRef = 07454DE229EA6CEE00B3458D /* UIViewController++.swift */; };
		07454DE729EA94EB00B3458D /* DisablePasteTextField.swift in Sources */ = {isa = PBXBuildFile; fileRef = 07454DE629EA94EB00B3458D /* DisablePasteTextField.swift */; };
		07454E0F29EBE50500B3458D /* BottomModal.swift in Sources */ = {isa = PBXBuildFile; fileRef = 07454E0E29EBE50500B3458D /* BottomModal.swift */; };
		07454E1129EBFDF200B3458D /* ActionButton.swift in Sources */ = {isa = PBXBuildFile; fileRef = 07454E1029EBFDF200B3458D /* ActionButton.swift */; };
		07454E1329EC138E00B3458D /* ManageGroupTableViewCell.swift in Sources */ = {isa = PBXBuildFile; fileRef = 07454E1229EC138E00B3458D /* ManageGroupTableViewCell.swift */; };
		07454E1529EC170600B3458D /* Separator.swift in Sources */ = {isa = PBXBuildFile; fileRef = 07454E1429EC170600B3458D /* Separator.swift */; };
		07454E1929EFD8A400B3458D /* ActionButtonSet.swift in Sources */ = {isa = PBXBuildFile; fileRef = 07454E1829EFD8A400B3458D /* ActionButtonSet.swift */; };
		0749D71C2AB84198004DF368 /* HomeVC+BlockCollectionView.swift in Sources */ = {isa = PBXBuildFile; fileRef = 0749D71B2AB84198004DF368 /* HomeVC+BlockCollectionView.swift */; };
		0749D71E2AB97862004DF368 /* HomeVC+ScrollView.swift in Sources */ = {isa = PBXBuildFile; fileRef = 0749D71D2AB97862004DF368 /* HomeVC+ScrollView.swift */; };
		0749D7202AB988F2004DF368 /* HomeVC+Timer.swift in Sources */ = {isa = PBXBuildFile; fileRef = 0749D71F2AB988F2004DF368 /* HomeVC+Timer.swift */; };
		0749D7222AB9E3D7004DF368 /* HomeVC+LongPressGesture.swift in Sources */ = {isa = PBXBuildFile; fileRef = 0749D7212AB9E3D7004DF368 /* HomeVC+LongPressGesture.swift */; };
		0749D7262AB9E456004DF368 /* HomeVC+SelectGroupHalfModal.swift in Sources */ = {isa = PBXBuildFile; fileRef = 0749D7252AB9E456004DF368 /* HomeVC+SelectGroupHalfModal.swift */; };
		0749D7282AB9E832004DF368 /* HomeVC+Notification.swift in Sources */ = {isa = PBXBuildFile; fileRef = 0749D7272AB9E832004DF368 /* HomeVC+Notification.swift */; };
		0749D72A2ABACAD3004DF368 /* HomeVC+CustomDelegate.swift in Sources */ = {isa = PBXBuildFile; fileRef = 0749D7292ABACAD3004DF368 /* HomeVC+CustomDelegate.swift */; };
		0749D72D2ABAD7E9004DF368 /* HomeDelegate.swift in Sources */ = {isa = PBXBuildFile; fileRef = 0749D72C2ABAD7E9004DF368 /* HomeDelegate.swift */; };
		0756BE882AF8DAB4009CBE46 /* RepositoryView.swift in Sources */ = {isa = PBXBuildFile; fileRef = 0756BE872AF8DAB4009CBE46 /* RepositoryView.swift */; };
		075A5AE92A81D04B0004F847 /* PopupView.swift in Sources */ = {isa = PBXBuildFile; fileRef = 075A5AE82A81D04B0004F847 /* PopupView.swift */; };
		075A5AEB2A81DCDD0004F847 /* PopupViewController.swift in Sources */ = {isa = PBXBuildFile; fileRef = 075A5AEA2A81DCDD0004F847 /* PopupViewController.swift */; };
		076248C92AB301C9000A8664 /* BlockDelegate.swift in Sources */ = {isa = PBXBuildFile; fileRef = 076248C82AB301C9000A8664 /* BlockDelegate.swift */; };
		076248CB2AB3023A000A8664 /* GroupDelegate.swift in Sources */ = {isa = PBXBuildFile; fileRef = 076248CA2AB3023A000A8664 /* GroupDelegate.swift */; };
		076248CD2AB302FD000A8664 /* ColorDelegate.swift in Sources */ = {isa = PBXBuildFile; fileRef = 076248CC2AB302FD000A8664 /* ColorDelegate.swift */; };
		076248CF2AB30319000A8664 /* IconDelegate.swift in Sources */ = {isa = PBXBuildFile; fileRef = 076248CE2AB30319000A8664 /* IconDelegate.swift */; };
		0770802F29E78C9200D66900 /* SelectGroupViewController.swift in Sources */ = {isa = PBXBuildFile; fileRef = 0770802E29E78C9200D66900 /* SelectGroupViewController.swift */; };
		0770803129E78D0500D66900 /* SelectGroupView.swift in Sources */ = {isa = PBXBuildFile; fileRef = 0770803029E78D0500D66900 /* SelectGroupView.swift */; };
		0770803429E797E100D66900 /* SelectIconViewController.swift in Sources */ = {isa = PBXBuildFile; fileRef = 0770803329E797E100D66900 /* SelectIconViewController.swift */; };
		0770803629E7981300D66900 /* SelectIconView.swift in Sources */ = {isa = PBXBuildFile; fileRef = 0770803529E7981300D66900 /* SelectIconView.swift */; };
		0770803829E7988100D66900 /* SelectColorView.swift in Sources */ = {isa = PBXBuildFile; fileRef = 0770803729E7988100D66900 /* SelectColorView.swift */; };
		0770803A29E7989B00D66900 /* SelectColorViewController.swift in Sources */ = {isa = PBXBuildFile; fileRef = 0770803929E7989A00D66900 /* SelectColorViewController.swift */; };
		0771983F29E2F4D10021088A /* UIButton++.swift in Sources */ = {isa = PBXBuildFile; fileRef = 0771983E29E2F4D10021088A /* UIButton++.swift */; };
		0775E30D2B1F22EF00CC594D /* RepositoryItem.swift in Sources */ = {isa = PBXBuildFile; fileRef = 0775E30C2B1F22EF00CC594D /* RepositoryItem.swift */; };
		0776DB632AE267DC008379A1 /* SelectGroupTableViewFooter.swift in Sources */ = {isa = PBXBuildFile; fileRef = 0776DB622AE267DC008379A1 /* SelectGroupTableViewFooter.swift */; };
		077A663429ED2AB000D99C68 /* CreateGroupViewController.swift in Sources */ = {isa = PBXBuildFile; fileRef = 077A663329ED2AB000D99C68 /* CreateGroupViewController.swift */; };
		077A663629ED2ABA00D99C68 /* CreateGroupView.swift in Sources */ = {isa = PBXBuildFile; fileRef = 077A663529ED2ABA00D99C68 /* CreateGroupView.swift */; };
		077E80F12AE13E0B004CDB8F /* ManageBlockTableViewHeader.swift in Sources */ = {isa = PBXBuildFile; fileRef = 077E80F02AE13E0B004CDB8F /* ManageBlockTableViewHeader.swift */; };
		077E80F32AE141CA004CDB8F /* ManageBlockTableViewCell.swift in Sources */ = {isa = PBXBuildFile; fileRef = 077E80F22AE141CA004CDB8F /* ManageBlockTableViewCell.swift */; };
		077E80F52AE1659B004CDB8F /* ManageBlockTableViewFooter.swift in Sources */ = {isa = PBXBuildFile; fileRef = 077E80F42AE1659B004CDB8F /* ManageBlockTableViewFooter.swift */; };
		07817F0B2A0A05DE00D024F6 /* IconManager.swift in Sources */ = {isa = PBXBuildFile; fileRef = 07817F0A2A0A05DE00D024F6 /* IconManager.swift */; };
		07817F0D2A0A18BB00D024F6 /* SelectIconCollectionViewCell.swift in Sources */ = {isa = PBXBuildFile; fileRef = 07817F0C2A0A18BB00D024F6 /* SelectIconCollectionViewCell.swift */; };
		078630572B05E7D90092672B /* TimeLineView.swift in Sources */ = {isa = PBXBuildFile; fileRef = 078630562B05E7D90092672B /* TimeLineView.swift */; };
		078630592B05FA650092672B /* TimeLineBlock.swift in Sources */ = {isa = PBXBuildFile; fileRef = 078630582B05FA650092672B /* TimeLineBlock.swift */; };
		0786305B2B05FFA80092672B /* TimeLineBoard.swift in Sources */ = {isa = PBXBuildFile; fileRef = 0786305A2B05FFA80092672B /* TimeLineBoard.swift */; };
		078C50B629D7152F00F239BA /* AppDelegate.swift in Sources */ = {isa = PBXBuildFile; fileRef = 078C50B529D7152F00F239BA /* AppDelegate.swift */; };
		078C50B829D7152F00F239BA /* SceneDelegate.swift in Sources */ = {isa = PBXBuildFile; fileRef = 078C50B729D7152F00F239BA /* SceneDelegate.swift */; };
		078C50BA29D7152F00F239BA /* HomeViewController.swift in Sources */ = {isa = PBXBuildFile; fileRef = 078C50B929D7152F00F239BA /* HomeViewController.swift */; };
		078C50C029D7152F00F239BA /* DayBlock.xcdatamodeld in Sources */ = {isa = PBXBuildFile; fileRef = 078C50BE29D7152F00F239BA /* DayBlock.xcdatamodeld */; };
		078C50C229D7153000F239BA /* Assets.xcassets in Resources */ = {isa = PBXBuildFile; fileRef = 078C50C129D7153000F239BA /* Assets.xcassets */; };
		078C50C529D7153000F239BA /* LaunchScreen.storyboard in Resources */ = {isa = PBXBuildFile; fileRef = 078C50C329D7153000F239BA /* LaunchScreen.storyboard */; };
		078C50D129D726FE00F239BA /* HomeView.swift in Sources */ = {isa = PBXBuildFile; fileRef = 078C50D029D726FE00F239BA /* HomeView.swift */; };
		078C50DE29D72BD100F239BA /* Pretendard-Light.otf in Resources */ = {isa = PBXBuildFile; fileRef = 078C50D529D72BD000F239BA /* Pretendard-Light.otf */; };
		078C50DF29D72BD100F239BA /* Pretendard-SemiBold.otf in Resources */ = {isa = PBXBuildFile; fileRef = 078C50D629D72BD000F239BA /* Pretendard-SemiBold.otf */; };
		078C50E029D72BD100F239BA /* Pretendard-ExtraBold.otf in Resources */ = {isa = PBXBuildFile; fileRef = 078C50D729D72BD000F239BA /* Pretendard-ExtraBold.otf */; };
		078C50E129D72BD100F239BA /* Pretendard-Medium.otf in Resources */ = {isa = PBXBuildFile; fileRef = 078C50D829D72BD000F239BA /* Pretendard-Medium.otf */; };
		078C50E229D72BD100F239BA /* Pretendard-ExtraLight.otf in Resources */ = {isa = PBXBuildFile; fileRef = 078C50D929D72BD000F239BA /* Pretendard-ExtraLight.otf */; };
		078C50E329D72BD100F239BA /* Pretendard-Regular.otf in Resources */ = {isa = PBXBuildFile; fileRef = 078C50DA29D72BD100F239BA /* Pretendard-Regular.otf */; };
		078C50E429D72BD100F239BA /* Pretendard-Black.otf in Resources */ = {isa = PBXBuildFile; fileRef = 078C50DB29D72BD100F239BA /* Pretendard-Black.otf */; };
		078C50E529D72BD100F239BA /* Pretendard-Thin.otf in Resources */ = {isa = PBXBuildFile; fileRef = 078C50DC29D72BD100F239BA /* Pretendard-Thin.otf */; };
		078C50E629D72BD100F239BA /* Pretendard-Bold.otf in Resources */ = {isa = PBXBuildFile; fileRef = 078C50DD29D72BD100F239BA /* Pretendard-Bold.otf */; };
		078C50E829D72D2900F239BA /* NameSpace.swift in Sources */ = {isa = PBXBuildFile; fileRef = 078C50E729D72D2900F239BA /* NameSpace.swift */; };
		078C50EB29D72EE300F239BA /* Poppins-Bold.ttf in Resources */ = {isa = PBXBuildFile; fileRef = 078C50EA29D72EE300F239BA /* Poppins-Bold.ttf */; };
		078C50EE29D72F9D00F239BA /* UIColor++.swift in Sources */ = {isa = PBXBuildFile; fileRef = 078C50ED29D72F9D00F239BA /* UIColor++.swift */; };
		078C50F429D73D0200F239BA /* TrackingBoard.swift in Sources */ = {isa = PBXBuildFile; fileRef = 078C50F329D73D0200F239BA /* TrackingBoard.swift */; };
		078C50F629D9BBB200F239BA /* ManageBlockViewController.swift in Sources */ = {isa = PBXBuildFile; fileRef = 078C50F529D9BBB200F239BA /* ManageBlockViewController.swift */; };
		078C50F829D9BBFE00F239BA /* RepositoryViewController.swift in Sources */ = {isa = PBXBuildFile; fileRef = 078C50F729D9BBFE00F239BA /* RepositoryViewController.swift */; };
		07967CF92AC95EE100BB45B5 /* TrackingDelegate.swift in Sources */ = {isa = PBXBuildFile; fileRef = 07967CF82AC95EE100BB45B5 /* TrackingDelegate.swift */; };
		07967D002AC9A1D300BB45B5 /* TrackingTime+CoreDataClass.swift in Sources */ = {isa = PBXBuildFile; fileRef = 07967CFE2AC9A1D300BB45B5 /* TrackingTime+CoreDataClass.swift */; };
		07967D012AC9A1D300BB45B5 /* TrackingTime+CoreDataProperties.swift in Sources */ = {isa = PBXBuildFile; fileRef = 07967CFF2AC9A1D300BB45B5 /* TrackingTime+CoreDataProperties.swift */; };
		07967D032ACA606000BB45B5 /* HomeVC+TrackingLifeCycle.swift in Sources */ = {isa = PBXBuildFile; fileRef = 07967D022ACA606000BB45B5 /* HomeVC+TrackingLifeCycle.swift */; };
		07A45CE42AA0952000C09342 /* TimerManager.swift in Sources */ = {isa = PBXBuildFile; fileRef = 07A45CE32AA0952000C09342 /* TimerManager.swift */; };
		07AE45CB2AF0EAA300125316 /* FSCalendar in Frameworks */ = {isa = PBXBuildFile; productRef = 07AE45CA2AF0EAA300125316 /* FSCalendar */; };
		07AE45CD2AF0F66A00125316 /* CalendarManager.swift in Sources */ = {isa = PBXBuildFile; fileRef = 07AE45CC2AF0F66A00125316 /* CalendarManager.swift */; };
		07AE45CF2AF1032700125316 /* CalendarCell.swift in Sources */ = {isa = PBXBuildFile; fileRef = 07AE45CE2AF1032700125316 /* CalendarCell.swift */; };
		07AE45D12AF38ABE00125316 /* UIDate++.swift in Sources */ = {isa = PBXBuildFile; fileRef = 07AE45D02AF38ABE00125316 /* UIDate++.swift */; };
		07B04BAC2ADD500800580711 /* Block+CoreDataClass.swift in Sources */ = {isa = PBXBuildFile; fileRef = 07B04BA82ADD500800580711 /* Block+CoreDataClass.swift */; };
		07B04BAD2ADD500800580711 /* Block+CoreDataProperties.swift in Sources */ = {isa = PBXBuildFile; fileRef = 07B04BA92ADD500800580711 /* Block+CoreDataProperties.swift */; };
		07B04BAE2ADD500800580711 /* Group+CoreDataClass.swift in Sources */ = {isa = PBXBuildFile; fileRef = 07B04BAA2ADD500800580711 /* Group+CoreDataClass.swift */; };
		07B04BAF2ADD500800580711 /* Group+CoreDataProperties.swift in Sources */ = {isa = PBXBuildFile; fileRef = 07B04BAB2ADD500800580711 /* Group+CoreDataProperties.swift */; };
		07B49BC42A88EBA3006D1011 /* MenuPopup.swift in Sources */ = {isa = PBXBuildFile; fileRef = 07B49BC32A88EBA3006D1011 /* MenuPopup.swift */; };
		07B49BC62A88EC14006D1011 /* MenuPopupItem.swift in Sources */ = {isa = PBXBuildFile; fileRef = 07B49BC52A88EC14006D1011 /* MenuPopupItem.swift */; };
		07B49BC82A8DD84D006D1011 /* ManageGroupViewController.swift in Sources */ = {isa = PBXBuildFile; fileRef = 07B49BC72A8DD84D006D1011 /* ManageGroupViewController.swift */; };
		07B49BCA2A8DD878006D1011 /* ManageGroupView.swift in Sources */ = {isa = PBXBuildFile; fileRef = 07B49BC92A8DD878006D1011 /* ManageGroupView.swift */; };
		07B49BCD2A8DE204006D1011 /* EditGroupViewController.swift in Sources */ = {isa = PBXBuildFile; fileRef = 07B49BCC2A8DE204006D1011 /* EditGroupViewController.swift */; };
		07B49BCF2A8DE22C006D1011 /* EditGroupDetailView.swift in Sources */ = {isa = PBXBuildFile; fileRef = 07B49BCE2A8DE22C006D1011 /* EditGroupDetailView.swift */; };
		07B49BD42A8F23FF006D1011 /* ToastMessage.swift in Sources */ = {isa = PBXBuildFile; fileRef = 07B49BD32A8F23FF006D1011 /* ToastMessage.swift */; };
		07B49C452A95E5BD006D1011 /* TrackingCompleteViewController.swift in Sources */ = {isa = PBXBuildFile; fileRef = 07B49C442A95E5BD006D1011 /* TrackingCompleteViewController.swift */; };
		07B49C472A95E66D006D1011 /* TrackingCompleteView.swift in Sources */ = {isa = PBXBuildFile; fileRef = 07B49C462A95E66D006D1011 /* TrackingCompleteView.swift */; };
		07B592122AC4126C0046ABFC /* DispatchWorkItem.swift in Sources */ = {isa = PBXBuildFile; fileRef = 07B592112AC4126C0046ABFC /* DispatchWorkItem.swift */; };
		07B592142AC42B7D0046ABFC /* UIImageView++.swift in Sources */ = {isa = PBXBuildFile; fileRef = 07B592132AC42B7D0046ABFC /* UIImageView++.swift */; };
		07C0BDAF2ABC17C200D5E779 /* HomeVC+CoreDataTest.swift in Sources */ = {isa = PBXBuildFile; fileRef = 07C0BDAE2ABC17C200D5E779 /* HomeVC+CoreDataTest.swift */; };
		07C0BDB42ABC452600D5E779 /* TrackingDate+CoreDataClass.swift in Sources */ = {isa = PBXBuildFile; fileRef = 07C0BDB02ABC452600D5E779 /* TrackingDate+CoreDataClass.swift */; };
		07C0BDB52ABC452600D5E779 /* TrackingDate+CoreDataProperties.swift in Sources */ = {isa = PBXBuildFile; fileRef = 07C0BDB12ABC452600D5E779 /* TrackingDate+CoreDataProperties.swift */; };
		07DD3E932AB022ED002D128F /* SimpleIconBlock.swift in Sources */ = {isa = PBXBuildFile; fileRef = 07DD3E922AB022ED002D128F /* SimpleIconBlock.swift */; };
		07DD3E952AB02BE3002D128F /* DashedSeparator.swift in Sources */ = {isa = PBXBuildFile; fileRef = 07DD3E942AB02BE3002D128F /* DashedSeparator.swift */; };
		07EB771729F5335F000BD87E /* SelectColorCollectionViewCell.swift in Sources */ = {isa = PBXBuildFile; fileRef = 07EB771629F5335F000BD87E /* SelectColorCollectionViewCell.swift */; };
		07EB771929F53855000BD87E /* ColorManager.swift in Sources */ = {isa = PBXBuildFile; fileRef = 07EB771829F53855000BD87E /* ColorManager.swift */; };
		07FAF9872AE0DE70003BD30B /* ManageBlockView.swift in Sources */ = {isa = PBXBuildFile; fileRef = 07FAF9862AE0DE70003BD30B /* ManageBlockView.swift */; };
		07FAF9892AE0E6DB003BD30B /* CalendarView.swift in Sources */ = {isa = PBXBuildFile; fileRef = 07FAF9882AE0E6DB003BD30B /* CalendarView.swift */; };
		07FAF98B2AE0E7AD003BD30B /* SectionBar.swift in Sources */ = {isa = PBXBuildFile; fileRef = 07FAF98A2AE0E7AD003BD30B /* SectionBar.swift */; };
/* End PBXBuildFile section */

/* Begin PBXFileReference section */
		0714B8042ACD005000B560D6 /* TestDataSet.swift */ = {isa = PBXFileReference; lastKnownFileType = sourcecode.swift; path = TestDataSet.swift; sourceTree = "<group>"; };
		07174A132B1F470100B7EC69 /* NewTrackingBlock.swift */ = {isa = PBXFileReference; lastKnownFileType = sourcecode.swift; path = NewTrackingBlock.swift; sourceTree = "<group>"; };
		07174A152B1F4AD900B7EC69 /* SummaryView.swift */ = {isa = PBXFileReference; lastKnownFileType = sourcecode.swift; path = SummaryView.swift; sourceTree = "<group>"; };
		07174A172B1F4C6500B7EC69 /* RepositoryVC+TableView.swift */ = {isa = PBXFileReference; lastKnownFileType = sourcecode.swift; path = "RepositoryVC+TableView.swift"; sourceTree = "<group>"; };
		07174A192B1F4D0200B7EC69 /* SummaryTableViewCell.swift */ = {isa = PBXFileReference; lastKnownFileType = sourcecode.swift; path = SummaryTableViewCell.swift; sourceTree = "<group>"; };
		07174A1B2B1F6A6000B7EC69 /* RepositoryManager.swift */ = {isa = PBXFileReference; lastKnownFileType = sourcecode.swift; path = RepositoryManager.swift; sourceTree = "<group>"; };
		0719648029DAF38A009CA1A4 /* RemoteBlock.swift */ = {isa = PBXFileReference; lastKnownFileType = sourcecode.swift; path = RemoteBlock.swift; sourceTree = "<group>"; };
		0719648229DAF4B5009CA1A4 /* RemoteGroup.swift */ = {isa = PBXFileReference; lastKnownFileType = sourcecode.swift; path = RemoteGroup.swift; sourceTree = "<group>"; };
		0719648529DAF9A5009CA1A4 /* HomeBlockCollectionViewCell.swift */ = {isa = PBXFileReference; lastKnownFileType = sourcecode.swift; path = HomeBlockCollectionViewCell.swift; sourceTree = "<group>"; };
		0719648729DC5066009CA1A4 /* TabBar.swift */ = {isa = PBXFileReference; lastKnownFileType = sourcecode.swift; path = TabBar.swift; sourceTree = "<group>"; };
		0719648B29DDB1C0009CA1A4 /* TrackingBoardBlock.swift */ = {isa = PBXFileReference; lastKnownFileType = sourcecode.swift; path = TrackingBoardBlock.swift; sourceTree = "<group>"; };
		0719648D29DF044C009CA1A4 /* GroupSelectButton.swift */ = {isa = PBXFileReference; lastKnownFileType = sourcecode.swift; path = GroupSelectButton.swift; sourceTree = "<group>"; };
		0719648F29E04F7E009CA1A4 /* CreateBlockViewController.swift */ = {isa = PBXFileReference; lastKnownFileType = sourcecode.swift; path = CreateBlockViewController.swift; sourceTree = "<group>"; };
		0719649129E04FD8009CA1A4 /* CreateBlockView.swift */ = {isa = PBXFileReference; lastKnownFileType = sourcecode.swift; path = CreateBlockView.swift; sourceTree = "<group>"; };
		0719649329E0692E009CA1A4 /* FormTextField.swift */ = {isa = PBXFileReference; lastKnownFileType = sourcecode.swift; path = FormTextField.swift; sourceTree = "<group>"; };
		0719649529E0763C009CA1A4 /* FormSelectButton.swift */ = {isa = PBXFileReference; lastKnownFileType = sourcecode.swift; path = FormSelectButton.swift; sourceTree = "<group>"; };
		0719649729E148CA009CA1A4 /* DayBlock.swift */ = {isa = PBXFileReference; lastKnownFileType = sourcecode.swift; path = DayBlock.swift; sourceTree = "<group>"; };
		071E3ABA2AC15EF1000C346F /* GroupDataStore.swift */ = {isa = PBXFileReference; lastKnownFileType = sourcecode.swift; path = GroupDataStore.swift; sourceTree = "<group>"; };
		071E3ABC2AC166B2000C346F /* BlockDataStore.swift */ = {isa = PBXFileReference; lastKnownFileType = sourcecode.swift; path = BlockDataStore.swift; sourceTree = "<group>"; };
		0736905E2AC2D41400A42187 /* TrackingDataStore.swift */ = {isa = PBXFileReference; lastKnownFileType = sourcecode.swift; path = TrackingDataStore.swift; sourceTree = "<group>"; };
		073EBFED2AB6C7B80031F6AB /* .swiftlint.yml */ = {isa = PBXFileReference; lastKnownFileType = text.yaml; path = .swiftlint.yml; sourceTree = "<group>"; };
		073EBFEF2AB6D4D40031F6AB /* SFSymbols.swift */ = {isa = PBXFileReference; lastKnownFileType = sourcecode.swift; path = SFSymbols.swift; sourceTree = "<group>"; };
		07454DE229EA6CEE00B3458D /* UIViewController++.swift */ = {isa = PBXFileReference; lastKnownFileType = sourcecode.swift; path = "UIViewController++.swift"; sourceTree = "<group>"; };
		07454DE629EA94EB00B3458D /* DisablePasteTextField.swift */ = {isa = PBXFileReference; lastKnownFileType = sourcecode.swift; path = DisablePasteTextField.swift; sourceTree = "<group>"; };
		07454E0E29EBE50500B3458D /* BottomModal.swift */ = {isa = PBXFileReference; lastKnownFileType = sourcecode.swift; path = BottomModal.swift; sourceTree = "<group>"; };
		07454E1029EBFDF200B3458D /* ActionButton.swift */ = {isa = PBXFileReference; lastKnownFileType = sourcecode.swift; path = ActionButton.swift; sourceTree = "<group>"; };
		07454E1229EC138E00B3458D /* ManageGroupTableViewCell.swift */ = {isa = PBXFileReference; lastKnownFileType = sourcecode.swift; path = ManageGroupTableViewCell.swift; sourceTree = "<group>"; };
		07454E1429EC170600B3458D /* Separator.swift */ = {isa = PBXFileReference; lastKnownFileType = sourcecode.swift; path = Separator.swift; sourceTree = "<group>"; };
		07454E1829EFD8A400B3458D /* ActionButtonSet.swift */ = {isa = PBXFileReference; lastKnownFileType = sourcecode.swift; path = ActionButtonSet.swift; sourceTree = "<group>"; };
		0749D71B2AB84198004DF368 /* HomeVC+BlockCollectionView.swift */ = {isa = PBXFileReference; lastKnownFileType = sourcecode.swift; path = "HomeVC+BlockCollectionView.swift"; sourceTree = "<group>"; };
		0749D71D2AB97862004DF368 /* HomeVC+ScrollView.swift */ = {isa = PBXFileReference; lastKnownFileType = sourcecode.swift; path = "HomeVC+ScrollView.swift"; sourceTree = "<group>"; };
		0749D71F2AB988F2004DF368 /* HomeVC+Timer.swift */ = {isa = PBXFileReference; lastKnownFileType = sourcecode.swift; path = "HomeVC+Timer.swift"; sourceTree = "<group>"; };
		0749D7212AB9E3D7004DF368 /* HomeVC+LongPressGesture.swift */ = {isa = PBXFileReference; lastKnownFileType = sourcecode.swift; path = "HomeVC+LongPressGesture.swift"; sourceTree = "<group>"; };
		0749D7252AB9E456004DF368 /* HomeVC+SelectGroupHalfModal.swift */ = {isa = PBXFileReference; lastKnownFileType = sourcecode.swift; path = "HomeVC+SelectGroupHalfModal.swift"; sourceTree = "<group>"; };
		0749D7272AB9E832004DF368 /* HomeVC+Notification.swift */ = {isa = PBXFileReference; lastKnownFileType = sourcecode.swift; path = "HomeVC+Notification.swift"; sourceTree = "<group>"; };
		0749D7292ABACAD3004DF368 /* HomeVC+CustomDelegate.swift */ = {isa = PBXFileReference; lastKnownFileType = sourcecode.swift; path = "HomeVC+CustomDelegate.swift"; sourceTree = "<group>"; };
		0749D72C2ABAD7E9004DF368 /* HomeDelegate.swift */ = {isa = PBXFileReference; lastKnownFileType = sourcecode.swift; path = HomeDelegate.swift; sourceTree = "<group>"; };
		0756BE872AF8DAB4009CBE46 /* RepositoryView.swift */ = {isa = PBXFileReference; lastKnownFileType = sourcecode.swift; path = RepositoryView.swift; sourceTree = "<group>"; };
		075A5AE82A81D04B0004F847 /* PopupView.swift */ = {isa = PBXFileReference; lastKnownFileType = sourcecode.swift; path = PopupView.swift; sourceTree = "<group>"; };
		075A5AEA2A81DCDD0004F847 /* PopupViewController.swift */ = {isa = PBXFileReference; lastKnownFileType = sourcecode.swift; path = PopupViewController.swift; sourceTree = "<group>"; };
		076248C82AB301C9000A8664 /* BlockDelegate.swift */ = {isa = PBXFileReference; lastKnownFileType = sourcecode.swift; path = BlockDelegate.swift; sourceTree = "<group>"; };
		076248CA2AB3023A000A8664 /* GroupDelegate.swift */ = {isa = PBXFileReference; lastKnownFileType = sourcecode.swift; path = GroupDelegate.swift; sourceTree = "<group>"; };
		076248CC2AB302FD000A8664 /* ColorDelegate.swift */ = {isa = PBXFileReference; lastKnownFileType = sourcecode.swift; path = ColorDelegate.swift; sourceTree = "<group>"; };
		076248CE2AB30319000A8664 /* IconDelegate.swift */ = {isa = PBXFileReference; lastKnownFileType = sourcecode.swift; path = IconDelegate.swift; sourceTree = "<group>"; };
		0770802E29E78C9200D66900 /* SelectGroupViewController.swift */ = {isa = PBXFileReference; lastKnownFileType = sourcecode.swift; path = SelectGroupViewController.swift; sourceTree = "<group>"; };
		0770803029E78D0500D66900 /* SelectGroupView.swift */ = {isa = PBXFileReference; lastKnownFileType = sourcecode.swift; path = SelectGroupView.swift; sourceTree = "<group>"; };
		0770803329E797E100D66900 /* SelectIconViewController.swift */ = {isa = PBXFileReference; lastKnownFileType = sourcecode.swift; path = SelectIconViewController.swift; sourceTree = "<group>"; };
		0770803529E7981300D66900 /* SelectIconView.swift */ = {isa = PBXFileReference; lastKnownFileType = sourcecode.swift; path = SelectIconView.swift; sourceTree = "<group>"; };
		0770803729E7988100D66900 /* SelectColorView.swift */ = {isa = PBXFileReference; lastKnownFileType = sourcecode.swift; path = SelectColorView.swift; sourceTree = "<group>"; };
		0770803929E7989A00D66900 /* SelectColorViewController.swift */ = {isa = PBXFileReference; lastKnownFileType = sourcecode.swift; path = SelectColorViewController.swift; sourceTree = "<group>"; };
		0771983E29E2F4D10021088A /* UIButton++.swift */ = {isa = PBXFileReference; lastKnownFileType = sourcecode.swift; path = "UIButton++.swift"; sourceTree = "<group>"; };
		0775E30C2B1F22EF00CC594D /* RepositoryItem.swift */ = {isa = PBXFileReference; lastKnownFileType = sourcecode.swift; path = RepositoryItem.swift; sourceTree = "<group>"; };
		0776DB622AE267DC008379A1 /* SelectGroupTableViewFooter.swift */ = {isa = PBXFileReference; lastKnownFileType = sourcecode.swift; path = SelectGroupTableViewFooter.swift; sourceTree = "<group>"; };
		077A663329ED2AB000D99C68 /* CreateGroupViewController.swift */ = {isa = PBXFileReference; lastKnownFileType = sourcecode.swift; path = CreateGroupViewController.swift; sourceTree = "<group>"; };
		077A663529ED2ABA00D99C68 /* CreateGroupView.swift */ = {isa = PBXFileReference; lastKnownFileType = sourcecode.swift; path = CreateGroupView.swift; sourceTree = "<group>"; };
		077E80F02AE13E0B004CDB8F /* ManageBlockTableViewHeader.swift */ = {isa = PBXFileReference; lastKnownFileType = sourcecode.swift; path = ManageBlockTableViewHeader.swift; sourceTree = "<group>"; };
		077E80F22AE141CA004CDB8F /* ManageBlockTableViewCell.swift */ = {isa = PBXFileReference; lastKnownFileType = sourcecode.swift; path = ManageBlockTableViewCell.swift; sourceTree = "<group>"; };
		077E80F42AE1659B004CDB8F /* ManageBlockTableViewFooter.swift */ = {isa = PBXFileReference; lastKnownFileType = sourcecode.swift; path = ManageBlockTableViewFooter.swift; sourceTree = "<group>"; };
		07817F0A2A0A05DE00D024F6 /* IconManager.swift */ = {isa = PBXFileReference; lastKnownFileType = sourcecode.swift; path = IconManager.swift; sourceTree = "<group>"; };
		07817F0C2A0A18BB00D024F6 /* SelectIconCollectionViewCell.swift */ = {isa = PBXFileReference; lastKnownFileType = sourcecode.swift; path = SelectIconCollectionViewCell.swift; sourceTree = "<group>"; };
		078630562B05E7D90092672B /* TimeLineView.swift */ = {isa = PBXFileReference; lastKnownFileType = sourcecode.swift; path = TimeLineView.swift; sourceTree = "<group>"; };
		078630582B05FA650092672B /* TimeLineBlock.swift */ = {isa = PBXFileReference; lastKnownFileType = sourcecode.swift; path = TimeLineBlock.swift; sourceTree = "<group>"; };
		0786305A2B05FFA80092672B /* TimeLineBoard.swift */ = {isa = PBXFileReference; lastKnownFileType = sourcecode.swift; path = TimeLineBoard.swift; sourceTree = "<group>"; };
		078C50B229D7152F00F239BA /* DayBlock.app */ = {isa = PBXFileReference; explicitFileType = wrapper.application; includeInIndex = 0; path = DayBlock.app; sourceTree = BUILT_PRODUCTS_DIR; };
		078C50B529D7152F00F239BA /* AppDelegate.swift */ = {isa = PBXFileReference; lastKnownFileType = sourcecode.swift; path = AppDelegate.swift; sourceTree = "<group>"; };
		078C50B729D7152F00F239BA /* SceneDelegate.swift */ = {isa = PBXFileReference; lastKnownFileType = sourcecode.swift; path = SceneDelegate.swift; sourceTree = "<group>"; };
		078C50B929D7152F00F239BA /* HomeViewController.swift */ = {isa = PBXFileReference; lastKnownFileType = sourcecode.swift; path = HomeViewController.swift; sourceTree = "<group>"; };
		078C50BF29D7152F00F239BA /* DayBlock.xcdatamodel */ = {isa = PBXFileReference; lastKnownFileType = wrapper.xcdatamodel; path = DayBlock.xcdatamodel; sourceTree = "<group>"; };
		078C50C129D7153000F239BA /* Assets.xcassets */ = {isa = PBXFileReference; lastKnownFileType = folder.assetcatalog; path = Assets.xcassets; sourceTree = "<group>"; };
		078C50C429D7153000F239BA /* Base */ = {isa = PBXFileReference; lastKnownFileType = file.storyboard; name = Base; path = Base.lproj/LaunchScreen.storyboard; sourceTree = "<group>"; };
		078C50C629D7153000F239BA /* Info.plist */ = {isa = PBXFileReference; lastKnownFileType = text.plist.xml; path = Info.plist; sourceTree = "<group>"; };
		078C50D029D726FE00F239BA /* HomeView.swift */ = {isa = PBXFileReference; lastKnownFileType = sourcecode.swift; path = HomeView.swift; sourceTree = "<group>"; };
		078C50D529D72BD000F239BA /* Pretendard-Light.otf */ = {isa = PBXFileReference; lastKnownFileType = file; path = "Pretendard-Light.otf"; sourceTree = "<group>"; };
		078C50D629D72BD000F239BA /* Pretendard-SemiBold.otf */ = {isa = PBXFileReference; lastKnownFileType = file; path = "Pretendard-SemiBold.otf"; sourceTree = "<group>"; };
		078C50D729D72BD000F239BA /* Pretendard-ExtraBold.otf */ = {isa = PBXFileReference; lastKnownFileType = file; path = "Pretendard-ExtraBold.otf"; sourceTree = "<group>"; };
		078C50D829D72BD000F239BA /* Pretendard-Medium.otf */ = {isa = PBXFileReference; lastKnownFileType = file; path = "Pretendard-Medium.otf"; sourceTree = "<group>"; };
		078C50D929D72BD000F239BA /* Pretendard-ExtraLight.otf */ = {isa = PBXFileReference; lastKnownFileType = file; path = "Pretendard-ExtraLight.otf"; sourceTree = "<group>"; };
		078C50DA29D72BD100F239BA /* Pretendard-Regular.otf */ = {isa = PBXFileReference; lastKnownFileType = file; path = "Pretendard-Regular.otf"; sourceTree = "<group>"; };
		078C50DB29D72BD100F239BA /* Pretendard-Black.otf */ = {isa = PBXFileReference; lastKnownFileType = file; path = "Pretendard-Black.otf"; sourceTree = "<group>"; };
		078C50DC29D72BD100F239BA /* Pretendard-Thin.otf */ = {isa = PBXFileReference; lastKnownFileType = file; path = "Pretendard-Thin.otf"; sourceTree = "<group>"; };
		078C50DD29D72BD100F239BA /* Pretendard-Bold.otf */ = {isa = PBXFileReference; lastKnownFileType = file; path = "Pretendard-Bold.otf"; sourceTree = "<group>"; };
		078C50E729D72D2900F239BA /* NameSpace.swift */ = {isa = PBXFileReference; lastKnownFileType = sourcecode.swift; path = NameSpace.swift; sourceTree = "<group>"; };
		078C50EA29D72EE300F239BA /* Poppins-Bold.ttf */ = {isa = PBXFileReference; lastKnownFileType = file; path = "Poppins-Bold.ttf"; sourceTree = "<group>"; };
		078C50ED29D72F9D00F239BA /* UIColor++.swift */ = {isa = PBXFileReference; lastKnownFileType = sourcecode.swift; path = "UIColor++.swift"; sourceTree = "<group>"; };
		078C50F329D73D0200F239BA /* TrackingBoard.swift */ = {isa = PBXFileReference; lastKnownFileType = sourcecode.swift; path = TrackingBoard.swift; sourceTree = "<group>"; };
		078C50F529D9BBB200F239BA /* ManageBlockViewController.swift */ = {isa = PBXFileReference; lastKnownFileType = sourcecode.swift; path = ManageBlockViewController.swift; sourceTree = "<group>"; };
		078C50F729D9BBFE00F239BA /* RepositoryViewController.swift */ = {isa = PBXFileReference; lastKnownFileType = sourcecode.swift; path = RepositoryViewController.swift; sourceTree = "<group>"; };
		07967CF82AC95EE100BB45B5 /* TrackingDelegate.swift */ = {isa = PBXFileReference; lastKnownFileType = sourcecode.swift; path = TrackingDelegate.swift; sourceTree = "<group>"; };
		07967CFE2AC9A1D300BB45B5 /* TrackingTime+CoreDataClass.swift */ = {isa = PBXFileReference; lastKnownFileType = sourcecode.swift; path = "TrackingTime+CoreDataClass.swift"; sourceTree = "<group>"; };
		07967CFF2AC9A1D300BB45B5 /* TrackingTime+CoreDataProperties.swift */ = {isa = PBXFileReference; lastKnownFileType = sourcecode.swift; path = "TrackingTime+CoreDataProperties.swift"; sourceTree = "<group>"; };
		07967D022ACA606000BB45B5 /* HomeVC+TrackingLifeCycle.swift */ = {isa = PBXFileReference; lastKnownFileType = sourcecode.swift; path = "HomeVC+TrackingLifeCycle.swift"; sourceTree = "<group>"; };
		07A45CE32AA0952000C09342 /* TimerManager.swift */ = {isa = PBXFileReference; lastKnownFileType = sourcecode.swift; path = TimerManager.swift; sourceTree = "<group>"; };
		07AE45CC2AF0F66A00125316 /* CalendarManager.swift */ = {isa = PBXFileReference; lastKnownFileType = sourcecode.swift; path = CalendarManager.swift; sourceTree = "<group>"; };
		07AE45CE2AF1032700125316 /* CalendarCell.swift */ = {isa = PBXFileReference; lastKnownFileType = sourcecode.swift; path = CalendarCell.swift; sourceTree = "<group>"; };
		07AE45D02AF38ABE00125316 /* UIDate++.swift */ = {isa = PBXFileReference; lastKnownFileType = sourcecode.swift; path = "UIDate++.swift"; sourceTree = "<group>"; };
		07B04BA82ADD500800580711 /* Block+CoreDataClass.swift */ = {isa = PBXFileReference; lastKnownFileType = sourcecode.swift; path = "Block+CoreDataClass.swift"; sourceTree = "<group>"; };
		07B04BA92ADD500800580711 /* Block+CoreDataProperties.swift */ = {isa = PBXFileReference; lastKnownFileType = sourcecode.swift; path = "Block+CoreDataProperties.swift"; sourceTree = "<group>"; };
		07B04BAA2ADD500800580711 /* Group+CoreDataClass.swift */ = {isa = PBXFileReference; lastKnownFileType = sourcecode.swift; path = "Group+CoreDataClass.swift"; sourceTree = "<group>"; };
		07B04BAB2ADD500800580711 /* Group+CoreDataProperties.swift */ = {isa = PBXFileReference; lastKnownFileType = sourcecode.swift; path = "Group+CoreDataProperties.swift"; sourceTree = "<group>"; };
		07B49BC32A88EBA3006D1011 /* MenuPopup.swift */ = {isa = PBXFileReference; lastKnownFileType = sourcecode.swift; path = MenuPopup.swift; sourceTree = "<group>"; };
		07B49BC52A88EC14006D1011 /* MenuPopupItem.swift */ = {isa = PBXFileReference; lastKnownFileType = sourcecode.swift; path = MenuPopupItem.swift; sourceTree = "<group>"; };
		07B49BC72A8DD84D006D1011 /* ManageGroupViewController.swift */ = {isa = PBXFileReference; lastKnownFileType = sourcecode.swift; path = ManageGroupViewController.swift; sourceTree = "<group>"; };
		07B49BC92A8DD878006D1011 /* ManageGroupView.swift */ = {isa = PBXFileReference; lastKnownFileType = sourcecode.swift; path = ManageGroupView.swift; sourceTree = "<group>"; };
		07B49BCC2A8DE204006D1011 /* EditGroupViewController.swift */ = {isa = PBXFileReference; lastKnownFileType = sourcecode.swift; path = EditGroupViewController.swift; sourceTree = "<group>"; };
		07B49BCE2A8DE22C006D1011 /* EditGroupDetailView.swift */ = {isa = PBXFileReference; lastKnownFileType = sourcecode.swift; path = EditGroupDetailView.swift; sourceTree = "<group>"; };
		07B49BD32A8F23FF006D1011 /* ToastMessage.swift */ = {isa = PBXFileReference; lastKnownFileType = sourcecode.swift; path = ToastMessage.swift; sourceTree = "<group>"; };
		07B49C442A95E5BD006D1011 /* TrackingCompleteViewController.swift */ = {isa = PBXFileReference; lastKnownFileType = sourcecode.swift; path = TrackingCompleteViewController.swift; sourceTree = "<group>"; };
		07B49C462A95E66D006D1011 /* TrackingCompleteView.swift */ = {isa = PBXFileReference; lastKnownFileType = sourcecode.swift; path = TrackingCompleteView.swift; sourceTree = "<group>"; };
		07B592112AC4126C0046ABFC /* DispatchWorkItem.swift */ = {isa = PBXFileReference; lastKnownFileType = sourcecode.swift; path = DispatchWorkItem.swift; sourceTree = "<group>"; };
		07B592132AC42B7D0046ABFC /* UIImageView++.swift */ = {isa = PBXFileReference; lastKnownFileType = sourcecode.swift; path = "UIImageView++.swift"; sourceTree = "<group>"; };
		07C0BDAE2ABC17C200D5E779 /* HomeVC+CoreDataTest.swift */ = {isa = PBXFileReference; lastKnownFileType = sourcecode.swift; path = "HomeVC+CoreDataTest.swift"; sourceTree = "<group>"; };
		07C0BDB02ABC452600D5E779 /* TrackingDate+CoreDataClass.swift */ = {isa = PBXFileReference; lastKnownFileType = sourcecode.swift; path = "TrackingDate+CoreDataClass.swift"; sourceTree = "<group>"; };
		07C0BDB12ABC452600D5E779 /* TrackingDate+CoreDataProperties.swift */ = {isa = PBXFileReference; lastKnownFileType = sourcecode.swift; path = "TrackingDate+CoreDataProperties.swift"; sourceTree = "<group>"; };
		07DD3E922AB022ED002D128F /* SimpleIconBlock.swift */ = {isa = PBXFileReference; lastKnownFileType = sourcecode.swift; path = SimpleIconBlock.swift; sourceTree = "<group>"; };
		07DD3E942AB02BE3002D128F /* DashedSeparator.swift */ = {isa = PBXFileReference; lastKnownFileType = sourcecode.swift; path = DashedSeparator.swift; sourceTree = "<group>"; };
		07EB771629F5335F000BD87E /* SelectColorCollectionViewCell.swift */ = {isa = PBXFileReference; lastKnownFileType = sourcecode.swift; path = SelectColorCollectionViewCell.swift; sourceTree = "<group>"; };
		07EB771829F53855000BD87E /* ColorManager.swift */ = {isa = PBXFileReference; lastKnownFileType = sourcecode.swift; path = ColorManager.swift; sourceTree = "<group>"; };
		07FAF9862AE0DE70003BD30B /* ManageBlockView.swift */ = {isa = PBXFileReference; lastKnownFileType = sourcecode.swift; path = ManageBlockView.swift; sourceTree = "<group>"; };
		07FAF9882AE0E6DB003BD30B /* CalendarView.swift */ = {isa = PBXFileReference; lastKnownFileType = sourcecode.swift; path = CalendarView.swift; sourceTree = "<group>"; };
		07FAF98A2AE0E7AD003BD30B /* SectionBar.swift */ = {isa = PBXFileReference; lastKnownFileType = sourcecode.swift; path = SectionBar.swift; sourceTree = "<group>"; };
/* End PBXFileReference section */

/* Begin PBXFrameworksBuildPhase section */
		078C50AF29D7152F00F239BA /* Frameworks */ = {
			isa = PBXFrameworksBuildPhase;
			buildActionMask = 2147483647;
			files = (
				07AE45CB2AF0EAA300125316 /* FSCalendar in Frameworks */,
			);
			runOnlyForDeploymentPostprocessing = 0;
		};
/* End PBXFrameworksBuildPhase section */

/* Begin PBXGroup section */
		0749D72E2ABADA47004DF368 /* Models */ = {
			isa = PBXGroup;
			children = (
				0749D72C2ABAD7E9004DF368 /* HomeDelegate.swift */,
			);
			path = Models;
			sourceTree = "<group>";
		};
		0756BE862AF8DA8D009CBE46 /* Calendar */ = {
			isa = PBXGroup;
			children = (
				07AE45CC2AF0F66A00125316 /* CalendarManager.swift */,
				07FAF9882AE0E6DB003BD30B /* CalendarView.swift */,
				078630562B05E7D90092672B /* TimeLineView.swift */,
				07174A152B1F4AD900B7EC69 /* SummaryView.swift */,
				07174A192B1F4D0200B7EC69 /* SummaryTableViewCell.swift */,
				07AE45CE2AF1032700125316 /* CalendarCell.swift */,
			);
			path = Calendar;
			sourceTree = "<group>";
		};
		075A5ADD2A7E18C90004F847 /* CoreData */ = {
			isa = PBXGroup;
			children = (
				078C50BE29D7152F00F239BA /* DayBlock.xcdatamodeld */,
				07B04BAA2ADD500800580711 /* Group+CoreDataClass.swift */,
				07B04BAB2ADD500800580711 /* Group+CoreDataProperties.swift */,
				07B04BA82ADD500800580711 /* Block+CoreDataClass.swift */,
				07B04BA92ADD500800580711 /* Block+CoreDataProperties.swift */,
				07C0BDB02ABC452600D5E779 /* TrackingDate+CoreDataClass.swift */,
				07C0BDB12ABC452600D5E779 /* TrackingDate+CoreDataProperties.swift */,
				07967CFE2AC9A1D300BB45B5 /* TrackingTime+CoreDataClass.swift */,
				07967CFF2AC9A1D300BB45B5 /* TrackingTime+CoreDataProperties.swift */,
			);
			path = CoreData;
			sourceTree = "<group>";
		};
		0762489F2AB2D638000A8664 /* LifeCycle */ = {
			isa = PBXGroup;
			children = (
				078C50B529D7152F00F239BA /* AppDelegate.swift */,
				078C50B729D7152F00F239BA /* SceneDelegate.swift */,
			);
			path = LifeCycle;
			sourceTree = "<group>";
		};
		076248A02AB2D677000A8664 /* Common */ = {
			isa = PBXGroup;
			children = (
				075A5ADD2A7E18C90004F847 /* CoreData */,
				078C50EC29D72F7900F239BA /* Extension */,
				076248A12AB2D684000A8664 /* Resource */,
			);
			path = Common;
			sourceTree = "<group>";
		};
		076248A12AB2D684000A8664 /* Resource */ = {
			isa = PBXGroup;
			children = (
				076248C42AB300F2000A8664 /* File */,
				078C50D329D72A8C00F239BA /* Font */,
			);
			path = Resource;
			sourceTree = "<group>";
		};
		076248A22AB2D798000A8664 /* HomeModule */ = {
			isa = PBXGroup;
			children = (
				0749D72E2ABADA47004DF368 /* Models */,
				076248BC2AB2F727000A8664 /* MainHome */,
			);
			path = HomeModule;
			sourceTree = "<group>";
		};
		076248A32AB2D857000A8664 /* BlockModule */ = {
			isa = PBXGroup;
			children = (
				076248B42AB2F605000A8664 /* Models */,
				076248B32AB2DE76000A8664 /* CreateBlock */,
			);
			path = BlockModule;
			sourceTree = "<group>";
		};
		076248A42AB2D8BC000A8664 /* GroupModule */ = {
			isa = PBXGroup;
			children = (
				076248B52AB2F613000A8664 /* Models */,
				076248AE2AB2DD5D000A8664 /* CreateGroup */,
				076248AF2AB2DD6E000A8664 /* SelectGroup */,
				076248B12AB2DDE7000A8664 /* EditGroup */,
			);
			path = GroupModule;
			sourceTree = "<group>";
		};
		076248A52AB2D956000A8664 /* TrackingModule */ = {
			isa = PBXGroup;
			children = (
				076248B62AB2F621000A8664 /* Models */,
				076248B72AB2F63D000A8664 /* TrackingComplete */,
			);
			path = TrackingModule;
			sourceTree = "<group>";
		};
		076248A62AB2DA3D000A8664 /* ColorModule */ = {
			isa = PBXGroup;
			children = (
				076248B82AB2F656000A8664 /* Models */,
				076248B92AB2F65E000A8664 /* SelectColor */,
			);
			path = ColorModule;
			sourceTree = "<group>";
		};
		076248A72AB2DA63000A8664 /* IconModule */ = {
			isa = PBXGroup;
			children = (
				076248BA2AB2F66C000A8664 /* Models */,
				076248BB2AB2F672000A8664 /* SelectIcon */,
			);
			path = IconModule;
			sourceTree = "<group>";
		};
		076248A92AB2DB0F000A8664 /* ManageModule */ = {
			isa = PBXGroup;
			children = (
				076248B02AB2DD7A000A8664 /* ManageGroup */,
				0776DB5C2AE23DBD008379A1 /* ManageBlock */,
			);
			path = ManageModule;
			sourceTree = "<group>";
		};
		076248AA2AB2DB2A000A8664 /* RepositoryModule */ = {
			isa = PBXGroup;
			children = (
				0775E30C2B1F22EF00CC594D /* RepositoryItem.swift */,
				07174A1B2B1F6A6000B7EC69 /* RepositoryManager.swift */,
				0756BE872AF8DAB4009CBE46 /* RepositoryView.swift */,
				078C50F729D9BBFE00F239BA /* RepositoryViewController.swift */,
				07174A172B1F4C6500B7EC69 /* RepositoryVC+TableView.swift */,
				0756BE862AF8DA8D009CBE46 /* Calendar */,
			);
			path = RepositoryModule;
			sourceTree = "<group>";
		};
		076248AC2AB2DC1E000A8664 /* Button */ = {
			isa = PBXGroup;
			children = (
				07454E1029EBFDF200B3458D /* ActionButton.swift */,
				07454E1829EFD8A400B3458D /* ActionButtonSet.swift */,
				0719649529E0763C009CA1A4 /* FormSelectButton.swift */,
				0719648D29DF044C009CA1A4 /* GroupSelectButton.swift */,
			);
			path = Button;
			sourceTree = "<group>";
		};
		076248AD2AB2DC2A000A8664 /* TextField */ = {
			isa = PBXGroup;
			children = (
				0719649329E0692E009CA1A4 /* FormTextField.swift */,
				07454DE629EA94EB00B3458D /* DisablePasteTextField.swift */,
			);
			path = TextField;
			sourceTree = "<group>";
		};
		076248AE2AB2DD5D000A8664 /* CreateGroup */ = {
			isa = PBXGroup;
			children = (
				077A663529ED2ABA00D99C68 /* CreateGroupView.swift */,
				077A663329ED2AB000D99C68 /* CreateGroupViewController.swift */,
			);
			path = CreateGroup;
			sourceTree = "<group>";
		};
		076248AF2AB2DD6E000A8664 /* SelectGroup */ = {
			isa = PBXGroup;
			children = (
				0770803029E78D0500D66900 /* SelectGroupView.swift */,
				0770802E29E78C9200D66900 /* SelectGroupViewController.swift */,
				0776DB622AE267DC008379A1 /* SelectGroupTableViewFooter.swift */,
			);
			path = SelectGroup;
			sourceTree = "<group>";
		};
		076248B02AB2DD7A000A8664 /* ManageGroup */ = {
			isa = PBXGroup;
			children = (
				07B49BC92A8DD878006D1011 /* ManageGroupView.swift */,
				07B49BC72A8DD84D006D1011 /* ManageGroupViewController.swift */,
				07454E1229EC138E00B3458D /* ManageGroupTableViewCell.swift */,
			);
			path = ManageGroup;
			sourceTree = "<group>";
		};
		076248B12AB2DDE7000A8664 /* EditGroup */ = {
			isa = PBXGroup;
			children = (
				07B49BCE2A8DE22C006D1011 /* EditGroupDetailView.swift */,
				07B49BCC2A8DE204006D1011 /* EditGroupViewController.swift */,
			);
			path = EditGroup;
			sourceTree = "<group>";
		};
		076248B32AB2DE76000A8664 /* CreateBlock */ = {
			isa = PBXGroup;
			children = (
				0719649129E04FD8009CA1A4 /* CreateBlockView.swift */,
				0719648F29E04F7E009CA1A4 /* CreateBlockViewController.swift */,
			);
			path = CreateBlock;
			sourceTree = "<group>";
		};
		076248B42AB2F605000A8664 /* Models */ = {
			isa = PBXGroup;
			children = (
				071E3ABC2AC166B2000C346F /* BlockDataStore.swift */,
				0719648029DAF38A009CA1A4 /* RemoteBlock.swift */,
				076248C82AB301C9000A8664 /* BlockDelegate.swift */,
			);
			path = Models;
			sourceTree = "<group>";
		};
		076248B52AB2F613000A8664 /* Models */ = {
			isa = PBXGroup;
			children = (
				071E3ABA2AC15EF1000C346F /* GroupDataStore.swift */,
				0719648229DAF4B5009CA1A4 /* RemoteGroup.swift */,
				076248CA2AB3023A000A8664 /* GroupDelegate.swift */,
			);
			path = Models;
			sourceTree = "<group>";
		};
		076248B62AB2F621000A8664 /* Models */ = {
			isa = PBXGroup;
			children = (
				07A45CE32AA0952000C09342 /* TimerManager.swift */,
				0736905E2AC2D41400A42187 /* TrackingDataStore.swift */,
				07967CF82AC95EE100BB45B5 /* TrackingDelegate.swift */,
			);
			path = Models;
			sourceTree = "<group>";
		};
		076248B72AB2F63D000A8664 /* TrackingComplete */ = {
			isa = PBXGroup;
			children = (
				07B49C462A95E66D006D1011 /* TrackingCompleteView.swift */,
				07B49C442A95E5BD006D1011 /* TrackingCompleteViewController.swift */,
			);
			path = TrackingComplete;
			sourceTree = "<group>";
		};
		076248B82AB2F656000A8664 /* Models */ = {
			isa = PBXGroup;
			children = (
				07EB771829F53855000BD87E /* ColorManager.swift */,
				076248CC2AB302FD000A8664 /* ColorDelegate.swift */,
			);
			path = Models;
			sourceTree = "<group>";
		};
		076248B92AB2F65E000A8664 /* SelectColor */ = {
			isa = PBXGroup;
			children = (
				0770803729E7988100D66900 /* SelectColorView.swift */,
				0770803929E7989A00D66900 /* SelectColorViewController.swift */,
				07EB771629F5335F000BD87E /* SelectColorCollectionViewCell.swift */,
			);
			path = SelectColor;
			sourceTree = "<group>";
		};
		076248BA2AB2F66C000A8664 /* Models */ = {
			isa = PBXGroup;
			children = (
				07817F0A2A0A05DE00D024F6 /* IconManager.swift */,
				076248CE2AB30319000A8664 /* IconDelegate.swift */,
			);
			path = Models;
			sourceTree = "<group>";
		};
		076248BB2AB2F672000A8664 /* SelectIcon */ = {
			isa = PBXGroup;
			children = (
				0770803529E7981300D66900 /* SelectIconView.swift */,
				0770803329E797E100D66900 /* SelectIconViewController.swift */,
				07817F0C2A0A18BB00D024F6 /* SelectIconCollectionViewCell.swift */,
			);
			path = SelectIcon;
			sourceTree = "<group>";
		};
		076248BC2AB2F727000A8664 /* MainHome */ = {
			isa = PBXGroup;
			children = (
				078C50D029D726FE00F239BA /* HomeView.swift */,
				078C50B929D7152F00F239BA /* HomeViewController.swift */,
				07967D022ACA606000BB45B5 /* HomeVC+TrackingLifeCycle.swift */,
				07C0BDAE2ABC17C200D5E779 /* HomeVC+CoreDataTest.swift */,
				0749D7292ABACAD3004DF368 /* HomeVC+CustomDelegate.swift */,
				0749D7272AB9E832004DF368 /* HomeVC+Notification.swift */,
				0749D71B2AB84198004DF368 /* HomeVC+BlockCollectionView.swift */,
				0749D71D2AB97862004DF368 /* HomeVC+ScrollView.swift */,
				0749D71F2AB988F2004DF368 /* HomeVC+Timer.swift */,
				0749D7212AB9E3D7004DF368 /* HomeVC+LongPressGesture.swift */,
				0749D7252AB9E456004DF368 /* HomeVC+SelectGroupHalfModal.swift */,
				0719648529DAF9A5009CA1A4 /* HomeBlockCollectionViewCell.swift */,
			);
			path = MainHome;
			sourceTree = "<group>";
		};
		076248BD2AB2F78F000A8664 /* Module */ = {
			isa = PBXGroup;
			children = (
				076248A22AB2D798000A8664 /* HomeModule */,
				076248A52AB2D956000A8664 /* TrackingModule */,
				076248A32AB2D857000A8664 /* BlockModule */,
				076248A42AB2D8BC000A8664 /* GroupModule */,
				076248A62AB2DA3D000A8664 /* ColorModule */,
				076248A72AB2DA63000A8664 /* IconModule */,
				076248A92AB2DB0F000A8664 /* ManageModule */,
				076248AA2AB2DB2A000A8664 /* RepositoryModule */,
			);
			path = Module;
			sourceTree = "<group>";
		};
		076248BE2AB2F9F2000A8664 /* Separator */ = {
			isa = PBXGroup;
			children = (
				07454E1429EC170600B3458D /* Separator.swift */,
				07DD3E942AB02BE3002D128F /* DashedSeparator.swift */,
			);
			path = Separator;
			sourceTree = "<group>";
		};
		076248C02AB2FAF8000A8664 /* Block */ = {
			isa = PBXGroup;
			children = (
				0719649729E148CA009CA1A4 /* DayBlock.swift */,
				07DD3E922AB022ED002D128F /* SimpleIconBlock.swift */,
				078C50F329D73D0200F239BA /* TrackingBoard.swift */,
				0719648B29DDB1C0009CA1A4 /* TrackingBoardBlock.swift */,
				078630582B05FA650092672B /* TimeLineBlock.swift */,
				0786305A2B05FFA80092672B /* TimeLineBoard.swift */,
				07174A132B1F470100B7EC69 /* NewTrackingBlock.swift */,
			);
			path = Block;
			sourceTree = "<group>";
		};
		076248C12AB2FC51000A8664 /* Popup */ = {
			isa = PBXGroup;
			children = (
				075A5AE82A81D04B0004F847 /* PopupView.swift */,
				075A5AEA2A81DCDD0004F847 /* PopupViewController.swift */,
			);
			path = Popup;
			sourceTree = "<group>";
		};
		076248C22AB2FD42000A8664 /* MenuPopup */ = {
			isa = PBXGroup;
			children = (
				07B49BC32A88EBA3006D1011 /* MenuPopup.swift */,
				07B49BC52A88EC14006D1011 /* MenuPopupItem.swift */,
			);
			path = MenuPopup;
			sourceTree = "<group>";
		};
		076248C32AB2FEF7000A8664 /* Foundation */ = {
			isa = PBXGroup;
			children = (
				0719648729DC5066009CA1A4 /* TabBar.swift */,
				07FAF98A2AE0E7AD003BD30B /* SectionBar.swift */,
				07B49BD32A8F23FF006D1011 /* ToastMessage.swift */,
				07454E0E29EBE50500B3458D /* BottomModal.swift */,
			);
			path = Foundation;
			sourceTree = "<group>";
		};
		076248C42AB300F2000A8664 /* File */ = {
			isa = PBXGroup;
			children = (
				078C50E729D72D2900F239BA /* NameSpace.swift */,
				073EBFEF2AB6D4D40031F6AB /* SFSymbols.swift */,
				07B592112AC4126C0046ABFC /* DispatchWorkItem.swift */,
				0714B8042ACD005000B560D6 /* TestDataSet.swift */,
			);
			path = File;
			sourceTree = "<group>";
		};
		0776DB5C2AE23DBD008379A1 /* ManageBlock */ = {
			isa = PBXGroup;
			children = (
				07FAF9862AE0DE70003BD30B /* ManageBlockView.swift */,
				078C50F529D9BBB200F239BA /* ManageBlockViewController.swift */,
				077E80F02AE13E0B004CDB8F /* ManageBlockTableViewHeader.swift */,
				077E80F42AE1659B004CDB8F /* ManageBlockTableViewFooter.swift */,
				077E80F22AE141CA004CDB8F /* ManageBlockTableViewCell.swift */,
			);
			path = ManageBlock;
			sourceTree = "<group>";
		};
		078C50A929D7152F00F239BA = {
			isa = PBXGroup;
			children = (
				073EBFED2AB6C7B80031F6AB /* .swiftlint.yml */,
				078C50B429D7152F00F239BA /* DayBlock */,
				078C50B329D7152F00F239BA /* Products */,
			);
			sourceTree = "<group>";
		};
		078C50B329D7152F00F239BA /* Products */ = {
			isa = PBXGroup;
			children = (
				078C50B229D7152F00F239BA /* DayBlock.app */,
			);
			name = Products;
			sourceTree = "<group>";
		};
		078C50B429D7152F00F239BA /* DayBlock */ = {
			isa = PBXGroup;
			children = (
				078C50CC29D7263600F239BA /* Essential */,
				0762489F2AB2D638000A8664 /* LifeCycle */,
				076248A02AB2D677000A8664 /* Common */,
				078C50D229D728C800F239BA /* UIComponent */,
				076248BD2AB2F78F000A8664 /* Module */,
			);
			path = DayBlock;
			sourceTree = "<group>";
		};
		078C50CC29D7263600F239BA /* Essential */ = {
			isa = PBXGroup;
			children = (
				078C50C629D7153000F239BA /* Info.plist */,
				078C50C129D7153000F239BA /* Assets.xcassets */,
				078C50C329D7153000F239BA /* LaunchScreen.storyboard */,
			);
			path = Essential;
			sourceTree = "<group>";
		};
		078C50D229D728C800F239BA /* UIComponent */ = {
			isa = PBXGroup;
			children = (
				076248C32AB2FEF7000A8664 /* Foundation */,
				076248C02AB2FAF8000A8664 /* Block */,
				076248AC2AB2DC1E000A8664 /* Button */,
				076248AD2AB2DC2A000A8664 /* TextField */,
				076248C22AB2FD42000A8664 /* MenuPopup */,
				076248C12AB2FC51000A8664 /* Popup */,
				076248BE2AB2F9F2000A8664 /* Separator */,
			);
			path = UIComponent;
			sourceTree = "<group>";
		};
		078C50D329D72A8C00F239BA /* Font */ = {
			isa = PBXGroup;
			children = (
				078C50D429D72BA300F239BA /* Pretendard */,
				078C50E929D72ECC00F239BA /* Poppins */,
			);
			path = Font;
			sourceTree = "<group>";
		};
		078C50D429D72BA300F239BA /* Pretendard */ = {
			isa = PBXGroup;
			children = (
				078C50DC29D72BD100F239BA /* Pretendard-Thin.otf */,
				078C50D929D72BD000F239BA /* Pretendard-ExtraLight.otf */,
				078C50D529D72BD000F239BA /* Pretendard-Light.otf */,
				078C50DA29D72BD100F239BA /* Pretendard-Regular.otf */,
				078C50D829D72BD000F239BA /* Pretendard-Medium.otf */,
				078C50D629D72BD000F239BA /* Pretendard-SemiBold.otf */,
				078C50DD29D72BD100F239BA /* Pretendard-Bold.otf */,
				078C50D729D72BD000F239BA /* Pretendard-ExtraBold.otf */,
				078C50DB29D72BD100F239BA /* Pretendard-Black.otf */,
			);
			path = Pretendard;
			sourceTree = "<group>";
		};
		078C50E929D72ECC00F239BA /* Poppins */ = {
			isa = PBXGroup;
			children = (
				078C50EA29D72EE300F239BA /* Poppins-Bold.ttf */,
			);
			path = Poppins;
			sourceTree = "<group>";
		};
		078C50EC29D72F7900F239BA /* Extension */ = {
			isa = PBXGroup;
			children = (
				078C50ED29D72F9D00F239BA /* UIColor++.swift */,
				0771983E29E2F4D10021088A /* UIButton++.swift */,
				07454DE229EA6CEE00B3458D /* UIViewController++.swift */,
				07B592132AC42B7D0046ABFC /* UIImageView++.swift */,
				07AE45D02AF38ABE00125316 /* UIDate++.swift */,
			);
			path = Extension;
			sourceTree = "<group>";
		};
/* End PBXGroup section */

/* Begin PBXNativeTarget section */
		078C50B129D7152F00F239BA /* DayBlock */ = {
			isa = PBXNativeTarget;
			buildConfigurationList = 078C50C929D7153000F239BA /* Build configuration list for PBXNativeTarget "DayBlock" */;
			buildPhases = (
				073EBFEB2AB6C6FD0031F6AB /* SwiftLint Script */,
				078C50AE29D7152F00F239BA /* Sources */,
				078C50AF29D7152F00F239BA /* Frameworks */,
				078C50B029D7152F00F239BA /* Resources */,
			);
			buildRules = (
			);
			dependencies = (
			);
			name = DayBlock;
			packageProductDependencies = (
				07AE45CA2AF0EAA300125316 /* FSCalendar */,
			);
			productName = DayBlock;
			productReference = 078C50B229D7152F00F239BA /* DayBlock.app */;
			productType = "com.apple.product-type.application";
		};
/* End PBXNativeTarget section */

/* Begin PBXProject section */
		078C50AA29D7152F00F239BA /* Project object */ = {
			isa = PBXProject;
			attributes = {
				BuildIndependentTargetsInParallel = 1;
				LastSwiftUpdateCheck = 1420;
				LastUpgradeCheck = 1500;
				TargetAttributes = {
					078C50B129D7152F00F239BA = {
						CreatedOnToolsVersion = 14.2;
					};
				};
			};
			buildConfigurationList = 078C50AD29D7152F00F239BA /* Build configuration list for PBXProject "DayBlock" */;
			compatibilityVersion = "Xcode 14.0";
			developmentRegion = en;
			hasScannedForEncodings = 0;
			knownRegions = (
				en,
				Base,
			);
			mainGroup = 078C50A929D7152F00F239BA;
			packageReferences = (
				07AE45C92AF0EAA300125316 /* XCRemoteSwiftPackageReference "FSCalendar" */,
			);
			productRefGroup = 078C50B329D7152F00F239BA /* Products */;
			projectDirPath = "";
			projectRoot = "";
			targets = (
				078C50B129D7152F00F239BA /* DayBlock */,
			);
		};
/* End PBXProject section */

/* Begin PBXResourcesBuildPhase section */
		078C50B029D7152F00F239BA /* Resources */ = {
			isa = PBXResourcesBuildPhase;
			buildActionMask = 2147483647;
			files = (
				073EBFEE2AB6C7B80031F6AB /* .swiftlint.yml in Resources */,
				078C50E629D72BD100F239BA /* Pretendard-Bold.otf in Resources */,
				078C50E229D72BD100F239BA /* Pretendard-ExtraLight.otf in Resources */,
				078C50E529D72BD100F239BA /* Pretendard-Thin.otf in Resources */,
				078C50C529D7153000F239BA /* LaunchScreen.storyboard in Resources */,
				078C50C229D7153000F239BA /* Assets.xcassets in Resources */,
				078C50E029D72BD100F239BA /* Pretendard-ExtraBold.otf in Resources */,
				078C50E429D72BD100F239BA /* Pretendard-Black.otf in Resources */,
				078C50EB29D72EE300F239BA /* Poppins-Bold.ttf in Resources */,
				078C50DE29D72BD100F239BA /* Pretendard-Light.otf in Resources */,
				078C50E329D72BD100F239BA /* Pretendard-Regular.otf in Resources */,
				078C50DF29D72BD100F239BA /* Pretendard-SemiBold.otf in Resources */,
				078C50E129D72BD100F239BA /* Pretendard-Medium.otf in Resources */,
			);
			runOnlyForDeploymentPostprocessing = 0;
		};
/* End PBXResourcesBuildPhase section */

/* Begin PBXShellScriptBuildPhase section */
		073EBFEB2AB6C6FD0031F6AB /* SwiftLint Script */ = {
			isa = PBXShellScriptBuildPhase;
			alwaysOutOfDate = 1;
			buildActionMask = 2147483647;
			files = (
			);
			inputFileListPaths = (
			);
			inputPaths = (
			);
			name = "SwiftLint Script";
			outputFileListPaths = (
			);
			outputPaths = (
			);
			runOnlyForDeploymentPostprocessing = 0;
			shellPath = /bin/sh;
			shellScript = "# SwiftLint\nif which swiftlint > /dev/null; then\n  swiftlint\nelse\n  echo \"warning: SwiftLint not installed, download from https://github.com/realm/SwiftLint\"\nfi\n";
		};
/* End PBXShellScriptBuildPhase section */

/* Begin PBXSourcesBuildPhase section */
		078C50AE29D7152F00F239BA /* Sources */ = {
			isa = PBXSourcesBuildPhase;
			buildActionMask = 2147483647;
			files = (
				077E80F32AE141CA004CDB8F /* ManageBlockTableViewCell.swift in Sources */,
				0770803129E78D0500D66900 /* SelectGroupView.swift in Sources */,
				07174A142B1F470100B7EC69 /* NewTrackingBlock.swift in Sources */,
				07967D032ACA606000BB45B5 /* HomeVC+TrackingLifeCycle.swift in Sources */,
				076248CF2AB30319000A8664 /* IconDelegate.swift in Sources */,
				078C50BA29D7152F00F239BA /* HomeViewController.swift in Sources */,
				0719649229E04FD8009CA1A4 /* CreateBlockView.swift in Sources */,
				07C0BDB52ABC452600D5E779 /* TrackingDate+CoreDataProperties.swift in Sources */,
				0775E30D2B1F22EF00CC594D /* RepositoryItem.swift in Sources */,
				07454E0F29EBE50500B3458D /* BottomModal.swift in Sources */,
				078C50B629D7152F00F239BA /* AppDelegate.swift in Sources */,
				07174A162B1F4AD900B7EC69 /* SummaryView.swift in Sources */,
				0770803A29E7989B00D66900 /* SelectColorViewController.swift in Sources */,
				0770803829E7988100D66900 /* SelectColorView.swift in Sources */,
				07C0BDB42ABC452600D5E779 /* TrackingDate+CoreDataClass.swift in Sources */,
				077A663429ED2AB000D99C68 /* CreateGroupViewController.swift in Sources */,
				0749D72A2ABACAD3004DF368 /* HomeVC+CustomDelegate.swift in Sources */,
				0719648C29DDB1C0009CA1A4 /* TrackingBoardBlock.swift in Sources */,
				07B49BC62A88EC14006D1011 /* MenuPopupItem.swift in Sources */,
				07454DE729EA94EB00B3458D /* DisablePasteTextField.swift in Sources */,
				07174A182B1F4C6500B7EC69 /* RepositoryVC+TableView.swift in Sources */,
				07B592122AC4126C0046ABFC /* DispatchWorkItem.swift in Sources */,
				07FAF9892AE0E6DB003BD30B /* CalendarView.swift in Sources */,
				07967D002AC9A1D300BB45B5 /* TrackingTime+CoreDataClass.swift in Sources */,
				07EB771929F53855000BD87E /* ColorManager.swift in Sources */,
				0749D7262AB9E456004DF368 /* HomeVC+SelectGroupHalfModal.swift in Sources */,
				0719648E29DF044C009CA1A4 /* GroupSelectButton.swift in Sources */,
				071E3ABD2AC166B2000C346F /* BlockDataStore.swift in Sources */,
				077A663629ED2ABA00D99C68 /* CreateGroupView.swift in Sources */,
				07817F0B2A0A05DE00D024F6 /* IconManager.swift in Sources */,
				07454E1529EC170600B3458D /* Separator.swift in Sources */,
				0719649829E148CA009CA1A4 /* DayBlock.swift in Sources */,
				07B49BD42A8F23FF006D1011 /* ToastMessage.swift in Sources */,
				07B49BC42A88EBA3006D1011 /* MenuPopup.swift in Sources */,
				07B49BC82A8DD84D006D1011 /* ManageGroupViewController.swift in Sources */,
				07AE45D12AF38ABE00125316 /* UIDate++.swift in Sources */,
				07B04BAD2ADD500800580711 /* Block+CoreDataProperties.swift in Sources */,
				07B04BAC2ADD500800580711 /* Block+CoreDataClass.swift in Sources */,
				07AE45CF2AF1032700125316 /* CalendarCell.swift in Sources */,
				07DD3E932AB022ED002D128F /* SimpleIconBlock.swift in Sources */,
				078C50F429D73D0200F239BA /* TrackingBoard.swift in Sources */,
				0719648329DAF4B5009CA1A4 /* RemoteGroup.swift in Sources */,
				077E80F12AE13E0B004CDB8F /* ManageBlockTableViewHeader.swift in Sources */,
				07B49BCF2A8DE22C006D1011 /* EditGroupDetailView.swift in Sources */,
				07967CF92AC95EE100BB45B5 /* TrackingDelegate.swift in Sources */,
				078C50F629D9BBB200F239BA /* ManageBlockViewController.swift in Sources */,
				07C0BDAF2ABC17C200D5E779 /* HomeVC+CoreDataTest.swift in Sources */,
				071E3ABB2AC15EF1000C346F /* GroupDataStore.swift in Sources */,
				0771983F29E2F4D10021088A /* UIButton++.swift in Sources */,
				078630572B05E7D90092672B /* TimeLineView.swift in Sources */,
				07B49BCD2A8DE204006D1011 /* EditGroupViewController.swift in Sources */,
				078C50C029D7152F00F239BA /* DayBlock.xcdatamodeld in Sources */,
				07B04BAF2ADD500800580711 /* Group+CoreDataProperties.swift in Sources */,
				0770802F29E78C9200D66900 /* SelectGroupViewController.swift in Sources */,
				07FAF98B2AE0E7AD003BD30B /* SectionBar.swift in Sources */,
				07B49C472A95E66D006D1011 /* TrackingCompleteView.swift in Sources */,
				07FAF9872AE0DE70003BD30B /* ManageBlockView.swift in Sources */,
				07B592142AC42B7D0046ABFC /* UIImageView++.swift in Sources */,
				0749D72D2ABAD7E9004DF368 /* HomeDelegate.swift in Sources */,
				078C50D129D726FE00F239BA /* HomeView.swift in Sources */,
				0749D7202AB988F2004DF368 /* HomeVC+Timer.swift in Sources */,
				07B49C452A95E5BD006D1011 /* TrackingCompleteViewController.swift in Sources */,
				07A45CE42AA0952000C09342 /* TimerManager.swift in Sources */,
				0749D71C2AB84198004DF368 /* HomeVC+BlockCollectionView.swift in Sources */,
				07454E1329EC138E00B3458D /* ManageGroupTableViewCell.swift in Sources */,
				07454E1129EBFDF200B3458D /* ActionButton.swift in Sources */,
				073EBFF02AB6D4D40031F6AB /* SFSymbols.swift in Sources */,
				07AE45CD2AF0F66A00125316 /* CalendarManager.swift in Sources */,
				0770803629E7981300D66900 /* SelectIconView.swift in Sources */,
				078C50EE29D72F9D00F239BA /* UIColor++.swift in Sources */,
				076248CD2AB302FD000A8664 /* ColorDelegate.swift in Sources */,
				076248CB2AB3023A000A8664 /* GroupDelegate.swift in Sources */,
				0786305B2B05FFA80092672B /* TimeLineBoard.swift in Sources */,
				075A5AE92A81D04B0004F847 /* PopupView.swift in Sources */,
				07B49BCA2A8DD878006D1011 /* ManageGroupView.swift in Sources */,
				07DD3E952AB02BE3002D128F /* DashedSeparator.swift in Sources */,
				0719648129DAF38A009CA1A4 /* RemoteBlock.swift in Sources */,
				0770803429E797E100D66900 /* SelectIconViewController.swift in Sources */,
				07967D012AC9A1D300BB45B5 /* TrackingTime+CoreDataProperties.swift in Sources */,
				07454DE329EA6CEE00B3458D /* UIViewController++.swift in Sources */,
				0756BE882AF8DAB4009CBE46 /* RepositoryView.swift in Sources */,
				07174A1A2B1F4D0200B7EC69 /* SummaryTableViewCell.swift in Sources */,
				078630592B05FA650092672B /* TimeLineBlock.swift in Sources */,
				0714B8052ACD005000B560D6 /* TestDataSet.swift in Sources */,
				07174A1C2B1F6A6000B7EC69 /* RepositoryManager.swift in Sources */,
				0719648829DC5066009CA1A4 /* TabBar.swift in Sources */,
				07EB771729F5335F000BD87E /* SelectColorCollectionViewCell.swift in Sources */,
				078C50B829D7152F00F239BA /* SceneDelegate.swift in Sources */,
				0719649029E04F7E009CA1A4 /* CreateBlockViewController.swift in Sources */,
				0776DB632AE267DC008379A1 /* SelectGroupTableViewFooter.swift in Sources */,
				076248C92AB301C9000A8664 /* BlockDelegate.swift in Sources */,
				075A5AEB2A81DCDD0004F847 /* PopupViewController.swift in Sources */,
				0719649429E0692E009CA1A4 /* FormTextField.swift in Sources */,
				07B04BAE2ADD500800580711 /* Group+CoreDataClass.swift in Sources */,
				077E80F52AE1659B004CDB8F /* ManageBlockTableViewFooter.swift in Sources */,
				0749D71E2AB97862004DF368 /* HomeVC+ScrollView.swift in Sources */,
				0736905F2AC2D41400A42187 /* TrackingDataStore.swift in Sources */,
				0749D7222AB9E3D7004DF368 /* HomeVC+LongPressGesture.swift in Sources */,
				0719648629DAF9A5009CA1A4 /* HomeBlockCollectionViewCell.swift in Sources */,
				078C50F829D9BBFE00F239BA /* RepositoryViewController.swift in Sources */,
				0719649629E0763C009CA1A4 /* FormSelectButton.swift in Sources */,
				078C50E829D72D2900F239BA /* NameSpace.swift in Sources */,
				0749D7282AB9E832004DF368 /* HomeVC+Notification.swift in Sources */,
				07454E1929EFD8A400B3458D /* ActionButtonSet.swift in Sources */,
				07817F0D2A0A18BB00D024F6 /* SelectIconCollectionViewCell.swift in Sources */,
			);
			runOnlyForDeploymentPostprocessing = 0;
		};
/* End PBXSourcesBuildPhase section */

/* Begin PBXVariantGroup section */
		078C50C329D7153000F239BA /* LaunchScreen.storyboard */ = {
			isa = PBXVariantGroup;
			children = (
				078C50C429D7153000F239BA /* Base */,
			);
			name = LaunchScreen.storyboard;
			sourceTree = "<group>";
		};
/* End PBXVariantGroup section */

/* Begin XCBuildConfiguration section */
		078C50C729D7153000F239BA /* Debug */ = {
			isa = XCBuildConfiguration;
			buildSettings = {
				ALWAYS_SEARCH_USER_PATHS = NO;
				ASSETCATALOG_COMPILER_GENERATE_SWIFT_ASSET_SYMBOL_EXTENSIONS = YES;
				CLANG_ANALYZER_NONNULL = YES;
				CLANG_ANALYZER_NUMBER_OBJECT_CONVERSION = YES_AGGRESSIVE;
				CLANG_CXX_LANGUAGE_STANDARD = "gnu++20";
				CLANG_ENABLE_MODULES = YES;
				CLANG_ENABLE_OBJC_ARC = YES;
				CLANG_ENABLE_OBJC_WEAK = YES;
				CLANG_WARN_BLOCK_CAPTURE_AUTORELEASING = YES;
				CLANG_WARN_BOOL_CONVERSION = YES;
				CLANG_WARN_COMMA = YES;
				CLANG_WARN_CONSTANT_CONVERSION = YES;
				CLANG_WARN_DEPRECATED_OBJC_IMPLEMENTATIONS = YES;
				CLANG_WARN_DIRECT_OBJC_ISA_USAGE = YES_ERROR;
				CLANG_WARN_DOCUMENTATION_COMMENTS = YES;
				CLANG_WARN_EMPTY_BODY = YES;
				CLANG_WARN_ENUM_CONVERSION = YES;
				CLANG_WARN_INFINITE_RECURSION = YES;
				CLANG_WARN_INT_CONVERSION = YES;
				CLANG_WARN_NON_LITERAL_NULL_CONVERSION = YES;
				CLANG_WARN_OBJC_IMPLICIT_RETAIN_SELF = YES;
				CLANG_WARN_OBJC_LITERAL_CONVERSION = YES;
				CLANG_WARN_OBJC_ROOT_CLASS = YES_ERROR;
				CLANG_WARN_QUOTED_INCLUDE_IN_FRAMEWORK_HEADER = YES;
				CLANG_WARN_RANGE_LOOP_ANALYSIS = YES;
				CLANG_WARN_STRICT_PROTOTYPES = YES;
				CLANG_WARN_SUSPICIOUS_MOVE = YES;
				CLANG_WARN_UNGUARDED_AVAILABILITY = YES_AGGRESSIVE;
				CLANG_WARN_UNREACHABLE_CODE = YES;
				CLANG_WARN__DUPLICATE_METHOD_MATCH = YES;
				COPY_PHASE_STRIP = NO;
				DEBUG_INFORMATION_FORMAT = dwarf;
				ENABLE_STRICT_OBJC_MSGSEND = YES;
				ENABLE_TESTABILITY = YES;
				ENABLE_USER_SCRIPT_SANDBOXING = YES;
				GCC_C_LANGUAGE_STANDARD = gnu11;
				GCC_DYNAMIC_NO_PIC = NO;
				GCC_NO_COMMON_BLOCKS = YES;
				GCC_OPTIMIZATION_LEVEL = 0;
				GCC_PREPROCESSOR_DEFINITIONS = (
					"DEBUG=1",
					"$(inherited)",
				);
				GCC_WARN_64_TO_32_BIT_CONVERSION = YES;
				GCC_WARN_ABOUT_RETURN_TYPE = YES_ERROR;
				GCC_WARN_UNDECLARED_SELECTOR = YES;
				GCC_WARN_UNINITIALIZED_AUTOS = YES_AGGRESSIVE;
				GCC_WARN_UNUSED_FUNCTION = YES;
				GCC_WARN_UNUSED_VARIABLE = YES;
				IPHONEOS_DEPLOYMENT_TARGET = 15.0;
				MTL_ENABLE_DEBUG_INFO = INCLUDE_SOURCE;
				MTL_FAST_MATH = YES;
				ONLY_ACTIVE_ARCH = YES;
				SDKROOT = iphoneos;
				SWIFT_ACTIVE_COMPILATION_CONDITIONS = DEBUG;
				SWIFT_OPTIMIZATION_LEVEL = "-Onone";
			};
			name = Debug;
		};
		078C50C829D7153000F239BA /* Release */ = {
			isa = XCBuildConfiguration;
			buildSettings = {
				ALWAYS_SEARCH_USER_PATHS = NO;
				ASSETCATALOG_COMPILER_GENERATE_SWIFT_ASSET_SYMBOL_EXTENSIONS = YES;
				CLANG_ANALYZER_NONNULL = YES;
				CLANG_ANALYZER_NUMBER_OBJECT_CONVERSION = YES_AGGRESSIVE;
				CLANG_CXX_LANGUAGE_STANDARD = "gnu++20";
				CLANG_ENABLE_MODULES = YES;
				CLANG_ENABLE_OBJC_ARC = YES;
				CLANG_ENABLE_OBJC_WEAK = YES;
				CLANG_WARN_BLOCK_CAPTURE_AUTORELEASING = YES;
				CLANG_WARN_BOOL_CONVERSION = YES;
				CLANG_WARN_COMMA = YES;
				CLANG_WARN_CONSTANT_CONVERSION = YES;
				CLANG_WARN_DEPRECATED_OBJC_IMPLEMENTATIONS = YES;
				CLANG_WARN_DIRECT_OBJC_ISA_USAGE = YES_ERROR;
				CLANG_WARN_DOCUMENTATION_COMMENTS = YES;
				CLANG_WARN_EMPTY_BODY = YES;
				CLANG_WARN_ENUM_CONVERSION = YES;
				CLANG_WARN_INFINITE_RECURSION = YES;
				CLANG_WARN_INT_CONVERSION = YES;
				CLANG_WARN_NON_LITERAL_NULL_CONVERSION = YES;
				CLANG_WARN_OBJC_IMPLICIT_RETAIN_SELF = YES;
				CLANG_WARN_OBJC_LITERAL_CONVERSION = YES;
				CLANG_WARN_OBJC_ROOT_CLASS = YES_ERROR;
				CLANG_WARN_QUOTED_INCLUDE_IN_FRAMEWORK_HEADER = YES;
				CLANG_WARN_RANGE_LOOP_ANALYSIS = YES;
				CLANG_WARN_STRICT_PROTOTYPES = YES;
				CLANG_WARN_SUSPICIOUS_MOVE = YES;
				CLANG_WARN_UNGUARDED_AVAILABILITY = YES_AGGRESSIVE;
				CLANG_WARN_UNREACHABLE_CODE = YES;
				CLANG_WARN__DUPLICATE_METHOD_MATCH = YES;
				COPY_PHASE_STRIP = NO;
				DEBUG_INFORMATION_FORMAT = "dwarf-with-dsym";
				ENABLE_NS_ASSERTIONS = NO;
				ENABLE_STRICT_OBJC_MSGSEND = YES;
				ENABLE_USER_SCRIPT_SANDBOXING = YES;
				GCC_C_LANGUAGE_STANDARD = gnu11;
				GCC_NO_COMMON_BLOCKS = YES;
				GCC_WARN_64_TO_32_BIT_CONVERSION = YES;
				GCC_WARN_ABOUT_RETURN_TYPE = YES_ERROR;
				GCC_WARN_UNDECLARED_SELECTOR = YES;
				GCC_WARN_UNINITIALIZED_AUTOS = YES_AGGRESSIVE;
				GCC_WARN_UNUSED_FUNCTION = YES;
				GCC_WARN_UNUSED_VARIABLE = YES;
				IPHONEOS_DEPLOYMENT_TARGET = 15.0;
				MTL_ENABLE_DEBUG_INFO = NO;
				MTL_FAST_MATH = YES;
				SDKROOT = iphoneos;
				SWIFT_COMPILATION_MODE = wholemodule;
				SWIFT_OPTIMIZATION_LEVEL = "-O";
				VALIDATE_PRODUCT = YES;
			};
			name = Release;
		};
		078C50CA29D7153000F239BA /* Debug */ = {
			isa = XCBuildConfiguration;
			buildSettings = {
				ASSETCATALOG_COMPILER_APPICON_NAME = AppIcon;
				ASSETCATALOG_COMPILER_GLOBAL_ACCENT_COLOR_NAME = AccentColor;
				CODE_SIGN_STYLE = Automatic;
				CURRENT_PROJECT_VERSION = 1;
				DEVELOPMENT_TEAM = 9XG4S4XZWN;
				ENABLE_USER_SCRIPT_SANDBOXING = NO;
				GENERATE_INFOPLIST_FILE = YES;
				INFOPLIST_FILE = DayBlock/Essential/Info.plist;
				INFOPLIST_KEY_UIApplicationSupportsIndirectInputEvents = YES;
				INFOPLIST_KEY_UILaunchStoryboardName = LaunchScreen;
				INFOPLIST_KEY_UIRequiresFullScreen = YES;
				INFOPLIST_KEY_UIStatusBarStyle = "";
				INFOPLIST_KEY_UISupportedInterfaceOrientations = UIInterfaceOrientationPortrait;
				INFOPLIST_KEY_UIUserInterfaceStyle = Light;
				IPHONEOS_DEPLOYMENT_TARGET = 15.0;
				LD_RUNPATH_SEARCH_PATHS = (
					"$(inherited)",
					"@executable_path/Frameworks",
				);
				MARKETING_VERSION = 1.0;
				PRODUCT_BUNDLE_IDENTIFIER = com.thinkyside.DayBlock;
				PRODUCT_NAME = "$(TARGET_NAME)";
				SWIFT_EMIT_LOC_STRINGS = YES;
				SWIFT_VERSION = 5.0;
				TARGETED_DEVICE_FAMILY = "1,2";
			};
			name = Debug;
		};
		078C50CB29D7153000F239BA /* Release */ = {
			isa = XCBuildConfiguration;
			buildSettings = {
				ASSETCATALOG_COMPILER_APPICON_NAME = AppIcon;
				ASSETCATALOG_COMPILER_GLOBAL_ACCENT_COLOR_NAME = AccentColor;
				CODE_SIGN_STYLE = Automatic;
				CURRENT_PROJECT_VERSION = 1;
				DEVELOPMENT_TEAM = 9XG4S4XZWN;
				ENABLE_USER_SCRIPT_SANDBOXING = NO;
				GENERATE_INFOPLIST_FILE = YES;
				INFOPLIST_FILE = DayBlock/Essential/Info.plist;
				INFOPLIST_KEY_UIApplicationSupportsIndirectInputEvents = YES;
				INFOPLIST_KEY_UILaunchStoryboardName = LaunchScreen;
				INFOPLIST_KEY_UIRequiresFullScreen = YES;
				INFOPLIST_KEY_UIStatusBarStyle = "";
				INFOPLIST_KEY_UISupportedInterfaceOrientations = UIInterfaceOrientationPortrait;
				INFOPLIST_KEY_UIUserInterfaceStyle = Light;
				IPHONEOS_DEPLOYMENT_TARGET = 15.0;
				LD_RUNPATH_SEARCH_PATHS = (
					"$(inherited)",
					"@executable_path/Frameworks",
				);
				MARKETING_VERSION = 1.0;
				PRODUCT_BUNDLE_IDENTIFIER = com.thinkyside.DayBlock;
				PRODUCT_NAME = "$(TARGET_NAME)";
				SWIFT_EMIT_LOC_STRINGS = YES;
				SWIFT_VERSION = 5.0;
				TARGETED_DEVICE_FAMILY = "1,2";
			};
			name = Release;
		};
/* End XCBuildConfiguration section */

/* Begin XCConfigurationList section */
		078C50AD29D7152F00F239BA /* Build configuration list for PBXProject "DayBlock" */ = {
			isa = XCConfigurationList;
			buildConfigurations = (
				078C50C729D7153000F239BA /* Debug */,
				078C50C829D7153000F239BA /* Release */,
			);
			defaultConfigurationIsVisible = 0;
			defaultConfigurationName = Release;
		};
		078C50C929D7153000F239BA /* Build configuration list for PBXNativeTarget "DayBlock" */ = {
			isa = XCConfigurationList;
			buildConfigurations = (
				078C50CA29D7153000F239BA /* Debug */,
				078C50CB29D7153000F239BA /* Release */,
			);
			defaultConfigurationIsVisible = 0;
			defaultConfigurationName = Release;
		};
/* End XCConfigurationList section */

/* Begin XCRemoteSwiftPackageReference section */
		07AE45C92AF0EAA300125316 /* XCRemoteSwiftPackageReference "FSCalendar" */ = {
			isa = XCRemoteSwiftPackageReference;
			repositoryURL = "https://github.com/WenchaoD/FSCalendar.git";
			requirement = {
				kind = upToNextMajorVersion;
				minimumVersion = 2.8.4;
			};
		};
/* End XCRemoteSwiftPackageReference section */

/* Begin XCSwiftPackageProductDependency section */
		07AE45CA2AF0EAA300125316 /* FSCalendar */ = {
			isa = XCSwiftPackageProductDependency;
			package = 07AE45C92AF0EAA300125316 /* XCRemoteSwiftPackageReference "FSCalendar" */;
			productName = FSCalendar;
		};
/* End XCSwiftPackageProductDependency section */

/* Begin XCVersionGroup section */
		078C50BE29D7152F00F239BA /* DayBlock.xcdatamodeld */ = {
			isa = XCVersionGroup;
			children = (
				078C50BF29D7152F00F239BA /* DayBlock.xcdatamodel */,
			);
			currentVersion = 078C50BF29D7152F00F239BA /* DayBlock.xcdatamodel */;
			path = DayBlock.xcdatamodeld;
			sourceTree = "<group>";
			versionGroupType = wrapper.xcdatamodel;
		};
/* End XCVersionGroup section */
	};
	rootObject = 078C50AA29D7152F00F239BA /* Project object */;
}
